
Microsoft Visual Studio Solution File, Format Version 11.00
# Visual Studio 2010
Project("{8BC9CEB8-8B4A-11D0-8D11-00A0C91BC942}") = "Raiders3D", "Raiders3D\Raiders3D.vcxproj", "{98CFACA1-DF41-41FE-A510-2DCE3DFA4B5A}"
EndProject
Project("{8BC9CEB8-8B4A-11D0-8D11-00A0C91BC942}") = "Main", "Main\Main.vcxproj", "{07F9251B-863C-4CCC-90BD-EAD2C01A474B}"
EndProject
Project("{8BC9CEB8-8B4A-11D0-8D11-00A0C91BC942}") = "Main_I", "Main_I\Main_I.vcxproj", "{56430675-8376-4A80-84B1-F0CCC630AA9A}"
EndProject
Project("{8BC9CEB8-8B4A-11D0-8D11-00A0C91BC942}") = "Main_II", "Main_II\Main_II.vcxproj", "{1909E3E9-0777-4CE0-A981-F0C9D89B4A21}"
EndProject
Project("{8BC9CEB8-8B4A-11D0-8D11-00A0C91BC942}") = "Main_III", "Main_III\Main_III.vcxproj", "{2ED0EE53-2640-46B6-B6E7-9186E8417381}"
EndProject
Project("{8BC9CEB8-8B4A-11D0-8D11-00A0C91BC942}") = "T3DConsole", "T3DConsole\T3DConsole.vcxproj", "{C58F78E3-E816-4A5E-A35A-592F343A5F6E}"
EndProject
Project("{8BC9CEB8-8B4A-11D0-8D11-00A0C91BC942}") = "T3DConsole_I", "T3DConsole_I\T3DConsole_I.vcxproj", "{D3DD52D2-9E0B-4EED-9199-01AF98FCD515}"
EndProject
Project("{8BC9CEB8-8B4A-11D0-8D11-00A0C91BC942}") = "Deactivate", "Deactivate\Deactivate.vcxproj", "{76BADC49-8136-40A0-9FFC-AFF8513092CC}"
EndProject
Project("{8BC9CEB8-8B4A-11D0-8D11-00A0C91BC942}") = "QianMo_2", "QianMo_2\QianMo_2.vcxproj", "{2C826492-7CBB-4D3F-8705-FFCD42AAD852}"
EndProject
Project("{8BC9CEB8-8B4A-11D0-8D11-00A0C91BC942}") = "QianMo_3", "Qianmo_3\Qianmo_3.vcxproj", "{B40E2945-5757-4004-B947-FADD57404AB3}"
EndProject
Project("{8BC9CEB8-8B4A-11D0-8D11-00A0C91BC942}") = "QianMo_5", "QianMo_5\QianMo_5.vcxproj", "{EBE45891-8EF0-4F57-B930-EAC1B61B21FC}"
EndProject
Project("{8BC9CEB8-8B4A-11D0-8D11-00A0C91BC942}") = "QianMo_6", "QianMo_6\QianMo_6.vcxproj", "{784C6A4C-AEF7-40EF-B520-AAB3F9BD66CE}"
EndProject
Project("{8BC9CEB8-8B4A-11D0-8D11-00A0C91BC942}") = "QianMo_7", "QianMo_7\QianMo_7.vcxproj", "{9E31AAAE-7413-4064-88FC-D6C2F1E36A93}"
EndProject
Global
	GlobalSection(SolutionConfigurationPlatforms) = preSolution
		Debug|Win32 = Debug|Win32
		Release|Win32 = Release|Win32
	EndGlobalSection
	GlobalSection(ProjectConfigurationPlatforms) = postSolution
		{98CFACA1-DF41-41FE-A510-2DCE3DFA4B5A}.Debug|Win32.ActiveCfg = Debug|Win32
		{98CFACA1-DF41-41FE-A510-2DCE3DFA4B5A}.Debug|Win32.Build.0 = Debug|Win32
		{98CFACA1-DF41-41FE-A510-2DCE3DFA4B5A}.Release|Win32.ActiveCfg = Release|Win32
		{98CFACA1-DF41-41FE-A510-2DCE3DFA4B5A}.Release|Win32.Build.0 = Release|Win32
		{07F9251B-863C-4CCC-90BD-EAD2C01A474B}.Debug|Win32.ActiveCfg = Debug|Win32
		{07F9251B-863C-4CCC-90BD-EAD2C01A474B}.Debug|Win32.Build.0 = Debug|Win32
		{07F9251B-863C-4CCC-90BD-EAD2C01A474B}.Release|Win32.ActiveCfg = Release|Win32
		{07F9251B-863C-4CCC-90BD-EAD2C01A474B}.Release|Win32.Build.0 = Release|Win32
		{56430675-8376-4A80-84B1-F0CCC630AA9A}.Debug|Win32.ActiveCfg = Debug|Win32
		{56430675-8376-4A80-84B1-F0CCC630AA9A}.Debug|Win32.Build.0 = Debug|Win32
		{56430675-8376-4A80-84B1-F0CCC630AA9A}.Release|Win32.ActiveCfg = Release|Win32
		{56430675-8376-4A80-84B1-F0CCC630AA9A}.Release|Win32.Build.0 = Release|Win32
		{1909E3E9-0777-4CE0-A981-F0C9D89B4A21}.Debug|Win32.ActiveCfg = Debug|Win32
		{1909E3E9-0777-4CE0-A981-F0C9D89B4A21}.Debug|Win32.Build.0 = Debug|Win32
		{1909E3E9-0777-4CE0-A981-F0C9D89B4A21}.Release|Win32.ActiveCfg = Release|Win32
		{1909E3E9-0777-4CE0-A981-F0C9D89B4A21}.Release|Win32.Build.0 = Release|Win32
		{2ED0EE53-2640-46B6-B6E7-9186E8417381}.Debug|Win32.ActiveCfg = Debug|Win32
		{2ED0EE53-2640-46B6-B6E7-9186E8417381}.Debug|Win32.Build.0 = Debug|Win32
		{2ED0EE53-2640-46B6-B6E7-9186E8417381}.Release|Win32.ActiveCfg = Release|Win32
		{2ED0EE53-2640-46B6-B6E7-9186E8417381}.Release|Win32.Build.0 = Release|Win32
		{C58F78E3-E816-4A5E-A35A-592F343A5F6E}.Debug|Win32.ActiveCfg = Debug|Win32
		{C58F78E3-E816-4A5E-A35A-592F343A5F6E}.Debug|Win32.Build.0 = Debug|Win32
		{C58F78E3-E816-4A5E-A35A-592F343A5F6E}.Release|Win32.ActiveCfg = Release|Win32
		{C58F78E3-E816-4A5E-A35A-592F343A5F6E}.Release|Win32.Build.0 = Release|Win32
		{D3DD52D2-9E0B-4EED-9199-01AF98FCD515}.Debug|Win32.ActiveCfg = Debug|Win32
		{D3DD52D2-9E0B-4EED-9199-01AF98FCD515}.Debug|Win32.Build.0 = Debug|Win32
		{D3DD52D2-9E0B-4EED-9199-01AF98FCD515}.Release|Win32.ActiveCfg = Release|Win32
		{D3DD52D2-9E0B-4EED-9199-01AF98FCD515}.Release|Win32.Build.0 = Release|Win32
		{76BADC49-8136-40A0-9FFC-AFF8513092CC}.Debug|Win32.ActiveCfg = Debug|Win32
		{76BADC49-8136-40A0-9FFC-AFF8513092CC}.Debug|Win32.Build.0 = Debug|Win32
		{76BADC49-8136-40A0-9FFC-AFF8513092CC}.Release|Win32.ActiveCfg = Release|Win32
		{76BADC49-8136-40A0-9FFC-AFF8513092CC}.Release|Win32.Build.0 = Release|Win32
		{2C826492-7CBB-4D3F-8705-FFCD42AAD852}.Debug|Win32.ActiveCfg = Debug|Win32
		{2C826492-7CBB-4D3F-8705-FFCD42AAD852}.Debug|Win32.Build.0 = Debug|Win32
		{2C826492-7CBB-4D3F-8705-FFCD42AAD852}.Release|Win32.ActiveCfg = Release|Win32
		{2C826492-7CBB-4D3F-8705-FFCD42AAD852}.Release|Win32.Build.0 = Release|Win32
		{B40E2945-5757-4004-B947-FADD57404AB3}.Debug|Win32.ActiveCfg = Debug|Win32
		{B40E2945-5757-4004-B947-FADD57404AB3}.Debug|Win32.Build.0 = Debug|Win32
		{B40E2945-5757-4004-B947-FADD57404AB3}.Release|Win32.ActiveCfg = Release|Win32
		{B40E2945-5757-4004-B947-FADD57404AB3}.Release|Win32.Build.0 = Release|Win32
		{EBE45891-8EF0-4F57-B930-EAC1B61B21FC}.Debug|Win32.ActiveCfg = Debug|Win32
		{EBE45891-8EF0-4F57-B930-EAC1B61B21FC}.Debug|Win32.Build.0 = Debug|Win32
		{EBE45891-8EF0-4F57-B930-EAC1B61B21FC}.Release|Win32.ActiveCfg = Release|Win32
		{EBE45891-8EF0-4F57-B930-EAC1B61B21FC}.Release|Win32.Build.0 = Release|Win32
		{784C6A4C-AEF7-40EF-B520-AAB3F9BD66CE}.Debug|Win32.ActiveCfg = Debug|Win32
		{784C6A4C-AEF7-40EF-B520-AAB3F9BD66CE}.Debug|Win32.Build.0 = Debug|Win32
		{784C6A4C-AEF7-40EF-B520-AAB3F9BD66CE}.Release|Win32.ActiveCfg = Release|Win32
		{784C6A4C-AEF7-40EF-B520-AAB3F9BD66CE}.Release|Win32.Build.0 = Release|Win32
		{9E31AAAE-7413-4064-88FC-D6C2F1E36A93}.Debug|Win32.ActiveCfg = Debug|Win32
		{9E31AAAE-7413-4064-88FC-D6C2F1E36A93}.Debug|Win32.Build.0 = Debug|Win32
		{9E31AAAE-7413-4064-88FC-D6C2F1E36A93}.Release|Win32.ActiveCfg = Release|Win32
		{9E31AAAE-7413-4064-88FC-D6C2F1E36A93}.Release|Win32.Build.0 = Release|Win32
	EndGlobalSection
	GlobalSection(SolutionProperties) = preSolution
		HideSolutionNode = FALSE
	EndGlobalSection
EndGlobal
