
Microsoft Visual Studio Solution File, Format Version 11.00
# Visual Studio 2010
Project("{8BC9CEB8-8B4A-11D0-8D11-00A0C91BC942}") = "Raiders3D", "Raiders3D\Raiders3D.vcxproj", "{98CFACA1-DF41-41FE-A510-2DCE3DFA4B5A}"
EndProject
Project("{8BC9CEB8-8B4A-11D0-8D11-00A0C91BC942}") = "Main", "Main\Main.vcxproj", "{07F9251B-863C-4CCC-90BD-EAD2C01A474B}"
EndProject
Project("{8BC9CEB8-8B4A-11D0-8D11-00A0C91BC942}") = "Main_I", "Main_I\Main_I.vcxproj", "{56430675-8376-4A80-84B1-F0CCC630AA9A}"
EndProject
Project("{8BC9CEB8-8B4A-11D0-8D11-00A0C91BC942}") = "Main_II", "Main_II\Main_II.vcxproj", "{1909E3E9-0777-4CE0-A981-F0C9D89B4A21}"
EndProject
Project("{8BC9CEB8-8B4A-11D0-8D11-00A0C91BC942}") = "Main_III", "Main_III\Main_III.vcxproj", "{2ED0EE53-2640-46B6-B6E7-9186E8417381}"
EndProject
Project("{8BC9CEB8-8B4A-11D0-8D11-00A0C91BC942}") = "T3DConsole", "T3DConsole\T3DConsole.vcxproj", "{C58F78E3-E816-4A5E-A35A-592F343A5F6E}"
EndProject
Project("{8BC9CEB8-8B4A-11D0-8D11-00A0C91BC942}") = "T3DConsole_I", "T3DConsole_I\T3DConsole_I.vcxproj", "{D3DD52D2-9E0B-4EED-9199-01AF98FCD515}"
EndProject
Project("{8BC9CEB8-8B4A-11D0-8D11-00A0C91BC942}") = "Deactivate", "Deactivate\Deactivate.vcxproj", "{76BADC49-8136-40A0-9FFC-AFF8513092CC}"
EndProject
Global
	GlobalSection(SolutionConfigurationPlatforms) = preSolution
		Debug|Win32 = Debug|Win32
		Release|Win32 = Release|Win32
	EndGlobalSection
	GlobalSection(ProjectConfigurationPlatforms) = postSolution
		{98CFACA1-DF41-41FE-A510-2DCE3DFA4B5A}.Debug|Win32.ActiveCfg = Debug|Win32
		{98CFACA1-DF41-41FE-A510-2DCE3DFA4B5A}.Debug|Win32.Build.0 = Debug|Win32
		{98CFACA1-DF41-41FE-A510-2DCE3DFA4B5A}.Release|Win32.ActiveCfg = Release|Win32
		{98CFACA1-DF41-41FE-A510-2DCE3DFA4B5A}.Release|Win32.Build.0 = Release|Win32
		{07F9251B-863C-4CCC-90BD-EAD2C01A474B}.Debug|Win32.ActiveCfg = Debug|Win32
		{07F9251B-863C-4CCC-90BD-EAD2C01A474B}.Debug|Win32.Build.0 = Debug|Win32
		{07F9251B-863C-4CCC-90BD-EAD2C01A474B}.Release|Win32.ActiveCfg = Release|Win32
		{07F9251B-863C-4CCC-90BD-EAD2C01A474B}.Release|Win32.Build.0 = Release|Win32
		{56430675-8376-4A80-84B1-F0CCC630AA9A}.Debug|Win32.ActiveCfg = Debug|Win32
		{56430675-8376-4A80-84B1-F0CCC630AA9A}.Debug|Win32.Build.0 = Debug|Win32
		{56430675-8376-4A80-84B1-F0CCC630AA9A}.Release|Win32.ActiveCfg = Release|Win32
		{56430675-8376-4A80-84B1-F0CCC630AA9A}.Release|Win32.Build.0 = Release|Win32
		{1909E3E9-0777-4CE0-A981-F0C9D89B4A21}.Debug|Win32.ActiveCfg = Debug|Win32
		{1909E3E9-0777-4CE0-A981-F0C9D89B4A21}.Debug|Win32.Build.0 = Debug|Win32
		{1909E3E9-0777-4CE0-A981-F0C9D89B4A21}.Release|Win32.ActiveCfg = Release|Win32
		{1909E3E9-0777-4CE0-A981-F0C9D89B4A21}.Release|Win32.Build.0 = Release|Win32
		{2ED0EE53-2640-46B6-B6E7-9186E8417381}.Debug|Win32.ActiveCfg = Debug|Win32
		{2ED0EE53-2640-46B6-B6E7-9186E8417381}.Debug|Win32.Build.0 = Debug|Win32
		{2ED0EE53-2640-46B6-B6E7-9186E8417381}.Release|Win32.ActiveCfg = Release|Win32
		{2ED0EE53-2640-46B6-B6E7-9186E8417381}.Release|Win32.Build.0 = Release|Win32
		{C58F78E3-E816-4A5E-A35A-592F343A5F6E}.Debug|Win32.ActiveCfg = Debug|Win32
		{C58F78E3-E816-4A5E-A35A-592F343A5F6E}.Debug|Win32.Build.0 = Debug|Win32
		{C58F78E3-E816-4A5E-A35A-592F343A5F6E}.Release|Win32.ActiveCfg = Release|Win32
		{C58F78E3-E816-4A5E-A35A-592F343A5F6E}.Release|Win32.Build.0 = Release|Win32
		{D3DD52D2-9E0B-4EED-9199-01AF98FCD515}.Debug|Win32.ActiveCfg = Debug|Win32
		{D3DD52D2-9E0B-4EED-9199-01AF98FCD515}.Debug|Win32.Build.0 = Debug|Win32
		{D3DD52D2-9E0B-4EED-9199-01AF98FCD515}.Release|Win32.ActiveCfg = Release|Win32
		{D3DD52D2-9E0B-4EED-9199-01AF98FCD515}.Release|Win32.Build.0 = Release|Win32
		{76BADC49-8136-40A0-9FFC-AFF8513092CC}.Debug|Win32.ActiveCfg = Debug|Win32
		{76BADC49-8136-40A0-9FFC-AFF8513092CC}.Debug|Win32.Build.0 = Debug|Win32
		{76BADC49-8136-40A0-9FFC-AFF8513092CC}.Release|Win32.ActiveCfg = Release|Win32
		{76BADC49-8136-40A0-9FFC-AFF8513092CC}.Release|Win32.Build.0 = Release|Win32
	EndGlobalSection
	GlobalSection(SolutionProperties) = preSolution
		HideSolutionNode = FALSE
	EndGlobalSection
EndGlobal
