
Microsoft Visual Studio Solution File, Format Version 12.00
# Visual Studio 2012
Project("{8BC9CEB8-8B4A-11D0-8D11-00A0C91BC942}") = "1000", "1000\1000.vcxproj", "{6492E2ED-A760-4FD9-9266-635D71173E8E}"
EndProject
Project("{8BC9CEB8-8B4A-11D0-8D11-00A0C91BC942}") = "1001", "1001\1001.vcxproj", "{FC9E9F79-43E1-461F-8998-4C8B20F5E062}"
EndProject
Global
	GlobalSection(SolutionConfigurationPlatforms) = preSolution
		Debug|Win32 = Debug|Win32
		Release|Win32 = Release|Win32
	EndGlobalSection
	GlobalSection(ProjectConfigurationPlatforms) = postSolution
		{6492E2ED-A760-4FD9-9266-635D71173E8E}.Debug|Win32.ActiveCfg = Debug|Win32
		{6492E2ED-A760-4FD9-9266-635D71173E8E}.Debug|Win32.Build.0 = Debug|Win32
		{6492E2ED-A760-4FD9-9266-635D71173E8E}.Release|Win32.ActiveCfg = Release|Win32
		{6492E2ED-A760-4FD9-9266-635D71173E8E}.Release|Win32.Build.0 = Release|Win32
		{FC9E9F79-43E1-461F-8998-4C8B20F5E062}.Debug|Win32.ActiveCfg = Debug|Win32
		{FC9E9F79-43E1-461F-8998-4C8B20F5E062}.Debug|Win32.Build.0 = Debug|Win32
		{FC9E9F79-43E1-461F-8998-4C8B20F5E062}.Release|Win32.ActiveCfg = Release|Win32
		{FC9E9F79-43E1-461F-8998-4C8B20F5E062}.Release|Win32.Build.0 = Release|Win32
	EndGlobalSection
	GlobalSection(SolutionProperties) = preSolution
		HideSolutionNode = FALSE
	EndGlobalSection
EndGlobal
