
Microsoft Visual Studio Solution File, Format Version 11.00
# Visual Studio 2010
Project("{8BC9CEB8-8B4A-11D0-8D11-00A0C91BC942}") = "1000", "1000\1000.vcxproj", "{71F193B5-D49C-4DD4-8046-0003091A9D7F}"
EndProject
Project("{8BC9CEB8-8B4A-11D0-8D11-00A0C91BC942}") = "1001", "1001\1001.vcxproj", "{06963290-240E-4138-B722-AC05B2C09F14}"
EndProject
Project("{8BC9CEB8-8B4A-11D0-8D11-00A0C91BC942}") = "1002", "1002\1002.vcxproj", "{250A950E-E8F0-4A58-A48E-A33FE4AB3C1A}"
EndProject
Project("{8BC9CEB8-8B4A-11D0-8D11-00A0C91BC942}") = "1003", "1003\1003.vcxproj", "{782FFB47-0730-4642-8A39-A0B7460CD00D}"
EndProject
Project("{8BC9CEB8-8B4A-11D0-8D11-00A0C91BC942}") = "1004", "1004\1004.vcxproj", "{2378580D-6F5A-46B5-8C15-FCE0BE06DFAB}"
EndProject
Project("{8BC9CEB8-8B4A-11D0-8D11-00A0C91BC942}") = "1005", "1005\1005.vcxproj", "{53443CA1-D725-4DFB-8C2F-A91B1B6D26E3}"
EndProject
Project("{8BC9CEB8-8B4A-11D0-8D11-00A0C91BC942}") = "1006", "1006\1006.vcxproj", "{2F7BBBE4-84EA-4ECA-89FC-67E011CAF00E}"
EndProject
Project("{8BC9CEB8-8B4A-11D0-8D11-00A0C91BC942}") = "1007", "1007\1007.vcxproj", "{E76CA713-7A46-4951-BE2F-6B200B5BD3B8}"
EndProject
Project("{8BC9CEB8-8B4A-11D0-8D11-00A0C91BC942}") = "1008", "1008\1008.vcxproj", "{0CDD72CE-B533-4BE6-8978-C229009C6344}"
EndProject
Project("{8BC9CEB8-8B4A-11D0-8D11-00A0C91BC942}") = "1009", "1009\1009.vcxproj", "{FD956ADD-B7D5-4FB7-960C-226C217CE89C}"
EndProject
Project("{8BC9CEB8-8B4A-11D0-8D11-00A0C91BC942}") = "1010", "1010\1010.vcxproj", "{6D1B9267-D74A-4634-B24F-4C88CF3123B3}"
EndProject
Project("{8BC9CEB8-8B4A-11D0-8D11-00A0C91BC942}") = "1011", "1011\1011.vcxproj", "{AB174E90-4515-4E86-A848-EB18D8F69D55}"
EndProject
Project("{8BC9CEB8-8B4A-11D0-8D11-00A0C91BC942}") = "1012", "1012\1012.vcxproj", "{70CF4BD5-48AE-43DE-BF55-1FBDFB137E41}"
EndProject
Project("{8BC9CEB8-8B4A-11D0-8D11-00A0C91BC942}") = "1013", "1013\1013.vcxproj", "{40DFCBED-2C9E-43C2-9F81-70225D8328E5}"
EndProject
Project("{8BC9CEB8-8B4A-11D0-8D11-00A0C91BC942}") = "1014", "1014\1014.vcxproj", "{BB5F14FC-A3BC-4C9A-A625-59A180779CCC}"
EndProject
Project("{8BC9CEB8-8B4A-11D0-8D11-00A0C91BC942}") = "1015", "1015\1015.vcxproj", "{D95E70AE-C581-4A43-A424-6386A339398F}"
EndProject
Project("{8BC9CEB8-8B4A-11D0-8D11-00A0C91BC942}") = "1016", "1016\1016.vcxproj", "{8A87BCDD-06A0-4884-9DD3-BDA1D8BEEA31}"
EndProject
Project("{8BC9CEB8-8B4A-11D0-8D11-00A0C91BC942}") = "1017", "1017\1017.vcxproj", "{27840A3C-B447-4A8E-9473-596CF6FE13E5}"
EndProject
Project("{8BC9CEB8-8B4A-11D0-8D11-00A0C91BC942}") = "1018", "1018\1018.vcxproj", "{ACA7A9C6-CCF2-4433-A617-3817C3CCFEF9}"
EndProject
Project("{8BC9CEB8-8B4A-11D0-8D11-00A0C91BC942}") = "1019", "1019\1019.vcxproj", "{AD6A8EE6-5E03-4353-9CD7-B6AF3D6A8CF6}"
EndProject
Project("{8BC9CEB8-8B4A-11D0-8D11-00A0C91BC942}") = "1020", "1020\1020.vcxproj", "{95CCC2E2-EC0D-4AD3-B4F3-B0D68BFA0A38}"
EndProject
Project("{8BC9CEB8-8B4A-11D0-8D11-00A0C91BC942}") = "1021", "1021\1021.vcxproj", "{8D82ADFE-4FA0-47D5-A780-CA3FF66550B4}"
EndProject
Project("{8BC9CEB8-8B4A-11D0-8D11-00A0C91BC942}") = "1022", "1022\1022.vcxproj", "{2D2F070F-67B2-4747-97C2-FD81F4BDAA9B}"
EndProject
Project("{8BC9CEB8-8B4A-11D0-8D11-00A0C91BC942}") = "1023", "1023\1023.vcxproj", "{328A32BF-1476-447C-9E49-332D7DEFDF8A}"
EndProject
Project("{8BC9CEB8-8B4A-11D0-8D11-00A0C91BC942}") = "1024", "1024\1024.vcxproj", "{F58E3507-F0C4-4BC7-8124-373C342A2BD3}"
EndProject
Project("{8BC9CEB8-8B4A-11D0-8D11-00A0C91BC942}") = "1025", "1025\1025.vcxproj", "{1BAB6AB7-B818-49C3-93B3-0F81C385FD03}"
EndProject
Project("{8BC9CEB8-8B4A-11D0-8D11-00A0C91BC942}") = "1026", "1026\1026.vcxproj", "{A993B6D0-387B-4B34-9840-A347482C43E5}"
EndProject
Project("{8BC9CEB8-8B4A-11D0-8D11-00A0C91BC942}") = "1027", "1027\1027.vcxproj", "{E8C84A4C-1D74-4D8B-9A3B-4D749A78AD14}"
EndProject
Project("{8BC9CEB8-8B4A-11D0-8D11-00A0C91BC942}") = "1028", "1028\1028.vcxproj", "{9649C0CA-4660-4AC8-AED9-D592CA7604DE}"
EndProject
Project("{2150E333-8FDC-42A3-9474-1A3956D46DE8}") = "1000-1019", "1000-1019", "{AE5DCCF2-939A-49EA-83AB-14FCBC1C1992}"
EndProject
Project("{2150E333-8FDC-42A3-9474-1A3956D46DE8}") = "1020-1039", "1020-1039", "{BB9C5D36-9D80-4FC9-9D90-9285E41B9B16}"
EndProject
Project("{8BC9CEB8-8B4A-11D0-8D11-00A0C91BC942}") = "1029", "1029\1029.vcxproj", "{DCCA8F96-7150-4A99-BC07-15532D4F7A83}"
EndProject
Project("{8BC9CEB8-8B4A-11D0-8D11-00A0C91BC942}") = "1030", "1030\1030.vcxproj", "{0CF2FC86-F313-4EB3-A630-97C3C85F3CDC}"
EndProject
Project("{8BC9CEB8-8B4A-11D0-8D11-00A0C91BC942}") = "1031", "1031\1031.vcxproj", "{B44277A4-DD5E-413D-8D4E-51B4788A60AA}"
EndProject
Project("{8BC9CEB8-8B4A-11D0-8D11-00A0C91BC942}") = "1032", "1032\1032.vcxproj", "{E9B1F353-0802-4A3D-B1B0-71679CCB0423}"
EndProject
Project("{8BC9CEB8-8B4A-11D0-8D11-00A0C91BC942}") = "1033", "1033\1033.vcxproj", "{EFEC430F-7377-4CC1-A85B-930CFC3382D8}"
EndProject
Project("{8BC9CEB8-8B4A-11D0-8D11-00A0C91BC942}") = "1034", "1034\1034.vcxproj", "{B3B129A8-460E-4360-8819-3ADA457E658A}"
EndProject
Project("{8BC9CEB8-8B4A-11D0-8D11-00A0C91BC942}") = "1035", "1035\1035.vcxproj", "{06C5BD9B-B3AB-42A0-83C9-E0CD7373C587}"
EndProject
Project("{8BC9CEB8-8B4A-11D0-8D11-00A0C91BC942}") = "1036", "1036\1036.vcxproj", "{873F0FAF-0911-4D33-A60D-EEEADB07ACDC}"
EndProject
Project("{8BC9CEB8-8B4A-11D0-8D11-00A0C91BC942}") = "1037", "1037\1037.vcxproj", "{F83084A4-5DA9-4D3B-9185-AAAEAAC73596}"
EndProject
Project("{8BC9CEB8-8B4A-11D0-8D11-00A0C91BC942}") = "1038", "1038\1038.vcxproj", "{8D1D01EF-47A8-4A16-8116-76D818026CA0}"
EndProject
Project("{8BC9CEB8-8B4A-11D0-8D11-00A0C91BC942}") = "1039", "1039\1039.vcxproj", "{4224937B-9A0E-4D6F-BBEB-0422698CDD84}"
EndProject
Project("{2150E333-8FDC-42A3-9474-1A3956D46DE8}") = "1040-1059", "1040-1059", "{A1E27F15-3D5D-4E7B-A54A-E3B8C5E63C1D}"
EndProject
Project("{8BC9CEB8-8B4A-11D0-8D11-00A0C91BC942}") = "1040", "1040\1040.vcxproj", "{66313409-73F2-455C-BA98-1A407DC40C7E}"
EndProject
Project("{8BC9CEB8-8B4A-11D0-8D11-00A0C91BC942}") = "1041", "1041\1041.vcxproj", "{1FFB0526-1AC6-4755-8391-B70FBF13918D}"
EndProject
Global
	GlobalSection(SolutionConfigurationPlatforms) = preSolution
		Debug|Win32 = Debug|Win32
		Release|Win32 = Release|Win32
	EndGlobalSection
	GlobalSection(ProjectConfigurationPlatforms) = postSolution
		{71F193B5-D49C-4DD4-8046-0003091A9D7F}.Debug|Win32.ActiveCfg = Debug|Win32
		{71F193B5-D49C-4DD4-8046-0003091A9D7F}.Debug|Win32.Build.0 = Debug|Win32
		{71F193B5-D49C-4DD4-8046-0003091A9D7F}.Release|Win32.ActiveCfg = Release|Win32
		{71F193B5-D49C-4DD4-8046-0003091A9D7F}.Release|Win32.Build.0 = Release|Win32
		{06963290-240E-4138-B722-AC05B2C09F14}.Debug|Win32.ActiveCfg = Debug|Win32
		{06963290-240E-4138-B722-AC05B2C09F14}.Debug|Win32.Build.0 = Debug|Win32
		{06963290-240E-4138-B722-AC05B2C09F14}.Release|Win32.ActiveCfg = Release|Win32
		{06963290-240E-4138-B722-AC05B2C09F14}.Release|Win32.Build.0 = Release|Win32
		{250A950E-E8F0-4A58-A48E-A33FE4AB3C1A}.Debug|Win32.ActiveCfg = Debug|Win32
		{250A950E-E8F0-4A58-A48E-A33FE4AB3C1A}.Debug|Win32.Build.0 = Debug|Win32
		{250A950E-E8F0-4A58-A48E-A33FE4AB3C1A}.Release|Win32.ActiveCfg = Release|Win32
		{250A950E-E8F0-4A58-A48E-A33FE4AB3C1A}.Release|Win32.Build.0 = Release|Win32
		{782FFB47-0730-4642-8A39-A0B7460CD00D}.Debug|Win32.ActiveCfg = Debug|Win32
		{782FFB47-0730-4642-8A39-A0B7460CD00D}.Debug|Win32.Build.0 = Debug|Win32
		{782FFB47-0730-4642-8A39-A0B7460CD00D}.Release|Win32.ActiveCfg = Release|Win32
		{782FFB47-0730-4642-8A39-A0B7460CD00D}.Release|Win32.Build.0 = Release|Win32
		{2378580D-6F5A-46B5-8C15-FCE0BE06DFAB}.Debug|Win32.ActiveCfg = Debug|Win32
		{2378580D-6F5A-46B5-8C15-FCE0BE06DFAB}.Debug|Win32.Build.0 = Debug|Win32
		{2378580D-6F5A-46B5-8C15-FCE0BE06DFAB}.Release|Win32.ActiveCfg = Release|Win32
		{2378580D-6F5A-46B5-8C15-FCE0BE06DFAB}.Release|Win32.Build.0 = Release|Win32
		{53443CA1-D725-4DFB-8C2F-A91B1B6D26E3}.Debug|Win32.ActiveCfg = Debug|Win32
		{53443CA1-D725-4DFB-8C2F-A91B1B6D26E3}.Debug|Win32.Build.0 = Debug|Win32
		{53443CA1-D725-4DFB-8C2F-A91B1B6D26E3}.Release|Win32.ActiveCfg = Release|Win32
		{53443CA1-D725-4DFB-8C2F-A91B1B6D26E3}.Release|Win32.Build.0 = Release|Win32
		{2F7BBBE4-84EA-4ECA-89FC-67E011CAF00E}.Debug|Win32.ActiveCfg = Debug|Win32
		{2F7BBBE4-84EA-4ECA-89FC-67E011CAF00E}.Debug|Win32.Build.0 = Debug|Win32
		{2F7BBBE4-84EA-4ECA-89FC-67E011CAF00E}.Release|Win32.ActiveCfg = Release|Win32
		{2F7BBBE4-84EA-4ECA-89FC-67E011CAF00E}.Release|Win32.Build.0 = Release|Win32
		{E76CA713-7A46-4951-BE2F-6B200B5BD3B8}.Debug|Win32.ActiveCfg = Debug|Win32
		{E76CA713-7A46-4951-BE2F-6B200B5BD3B8}.Debug|Win32.Build.0 = Debug|Win32
		{E76CA713-7A46-4951-BE2F-6B200B5BD3B8}.Release|Win32.ActiveCfg = Release|Win32
		{E76CA713-7A46-4951-BE2F-6B200B5BD3B8}.Release|Win32.Build.0 = Release|Win32
		{0CDD72CE-B533-4BE6-8978-C229009C6344}.Debug|Win32.ActiveCfg = Debug|Win32
		{0CDD72CE-B533-4BE6-8978-C229009C6344}.Debug|Win32.Build.0 = Debug|Win32
		{0CDD72CE-B533-4BE6-8978-C229009C6344}.Release|Win32.ActiveCfg = Release|Win32
		{0CDD72CE-B533-4BE6-8978-C229009C6344}.Release|Win32.Build.0 = Release|Win32
		{FD956ADD-B7D5-4FB7-960C-226C217CE89C}.Debug|Win32.ActiveCfg = Debug|Win32
		{FD956ADD-B7D5-4FB7-960C-226C217CE89C}.Debug|Win32.Build.0 = Debug|Win32
		{FD956ADD-B7D5-4FB7-960C-226C217CE89C}.Release|Win32.ActiveCfg = Release|Win32
		{FD956ADD-B7D5-4FB7-960C-226C217CE89C}.Release|Win32.Build.0 = Release|Win32
		{6D1B9267-D74A-4634-B24F-4C88CF3123B3}.Debug|Win32.ActiveCfg = Debug|Win32
		{6D1B9267-D74A-4634-B24F-4C88CF3123B3}.Debug|Win32.Build.0 = Debug|Win32
		{6D1B9267-D74A-4634-B24F-4C88CF3123B3}.Release|Win32.ActiveCfg = Release|Win32
		{6D1B9267-D74A-4634-B24F-4C88CF3123B3}.Release|Win32.Build.0 = Release|Win32
		{AB174E90-4515-4E86-A848-EB18D8F69D55}.Debug|Win32.ActiveCfg = Debug|Win32
		{AB174E90-4515-4E86-A848-EB18D8F69D55}.Debug|Win32.Build.0 = Debug|Win32
		{AB174E90-4515-4E86-A848-EB18D8F69D55}.Release|Win32.ActiveCfg = Release|Win32
		{AB174E90-4515-4E86-A848-EB18D8F69D55}.Release|Win32.Build.0 = Release|Win32
		{70CF4BD5-48AE-43DE-BF55-1FBDFB137E41}.Debug|Win32.ActiveCfg = Debug|Win32
		{70CF4BD5-48AE-43DE-BF55-1FBDFB137E41}.Debug|Win32.Build.0 = Debug|Win32
		{70CF4BD5-48AE-43DE-BF55-1FBDFB137E41}.Release|Win32.ActiveCfg = Release|Win32
		{70CF4BD5-48AE-43DE-BF55-1FBDFB137E41}.Release|Win32.Build.0 = Release|Win32
		{40DFCBED-2C9E-43C2-9F81-70225D8328E5}.Debug|Win32.ActiveCfg = Debug|Win32
		{40DFCBED-2C9E-43C2-9F81-70225D8328E5}.Debug|Win32.Build.0 = Debug|Win32
		{40DFCBED-2C9E-43C2-9F81-70225D8328E5}.Release|Win32.ActiveCfg = Release|Win32
		{40DFCBED-2C9E-43C2-9F81-70225D8328E5}.Release|Win32.Build.0 = Release|Win32
		{BB5F14FC-A3BC-4C9A-A625-59A180779CCC}.Debug|Win32.ActiveCfg = Debug|Win32
		{BB5F14FC-A3BC-4C9A-A625-59A180779CCC}.Debug|Win32.Build.0 = Debug|Win32
		{BB5F14FC-A3BC-4C9A-A625-59A180779CCC}.Release|Win32.ActiveCfg = Release|Win32
		{BB5F14FC-A3BC-4C9A-A625-59A180779CCC}.Release|Win32.Build.0 = Release|Win32
		{D95E70AE-C581-4A43-A424-6386A339398F}.Debug|Win32.ActiveCfg = Debug|Win32
		{D95E70AE-C581-4A43-A424-6386A339398F}.Debug|Win32.Build.0 = Debug|Win32
		{D95E70AE-C581-4A43-A424-6386A339398F}.Release|Win32.ActiveCfg = Release|Win32
		{D95E70AE-C581-4A43-A424-6386A339398F}.Release|Win32.Build.0 = Release|Win32
		{8A87BCDD-06A0-4884-9DD3-BDA1D8BEEA31}.Debug|Win32.ActiveCfg = Debug|Win32
		{8A87BCDD-06A0-4884-9DD3-BDA1D8BEEA31}.Debug|Win32.Build.0 = Debug|Win32
		{8A87BCDD-06A0-4884-9DD3-BDA1D8BEEA31}.Release|Win32.ActiveCfg = Release|Win32
		{8A87BCDD-06A0-4884-9DD3-BDA1D8BEEA31}.Release|Win32.Build.0 = Release|Win32
		{27840A3C-B447-4A8E-9473-596CF6FE13E5}.Debug|Win32.ActiveCfg = Debug|Win32
		{27840A3C-B447-4A8E-9473-596CF6FE13E5}.Debug|Win32.Build.0 = Debug|Win32
		{27840A3C-B447-4A8E-9473-596CF6FE13E5}.Release|Win32.ActiveCfg = Release|Win32
		{27840A3C-B447-4A8E-9473-596CF6FE13E5}.Release|Win32.Build.0 = Release|Win32
		{ACA7A9C6-CCF2-4433-A617-3817C3CCFEF9}.Debug|Win32.ActiveCfg = Debug|Win32
		{ACA7A9C6-CCF2-4433-A617-3817C3CCFEF9}.Debug|Win32.Build.0 = Debug|Win32
		{ACA7A9C6-CCF2-4433-A617-3817C3CCFEF9}.Release|Win32.ActiveCfg = Release|Win32
		{ACA7A9C6-CCF2-4433-A617-3817C3CCFEF9}.Release|Win32.Build.0 = Release|Win32
		{AD6A8EE6-5E03-4353-9CD7-B6AF3D6A8CF6}.Debug|Win32.ActiveCfg = Debug|Win32
		{AD6A8EE6-5E03-4353-9CD7-B6AF3D6A8CF6}.Debug|Win32.Build.0 = Debug|Win32
		{AD6A8EE6-5E03-4353-9CD7-B6AF3D6A8CF6}.Release|Win32.ActiveCfg = Release|Win32
		{AD6A8EE6-5E03-4353-9CD7-B6AF3D6A8CF6}.Release|Win32.Build.0 = Release|Win32
		{95CCC2E2-EC0D-4AD3-B4F3-B0D68BFA0A38}.Debug|Win32.ActiveCfg = Debug|Win32
		{95CCC2E2-EC0D-4AD3-B4F3-B0D68BFA0A38}.Debug|Win32.Build.0 = Debug|Win32
		{95CCC2E2-EC0D-4AD3-B4F3-B0D68BFA0A38}.Release|Win32.ActiveCfg = Release|Win32
		{95CCC2E2-EC0D-4AD3-B4F3-B0D68BFA0A38}.Release|Win32.Build.0 = Release|Win32
		{8D82ADFE-4FA0-47D5-A780-CA3FF66550B4}.Debug|Win32.ActiveCfg = Debug|Win32
		{8D82ADFE-4FA0-47D5-A780-CA3FF66550B4}.Debug|Win32.Build.0 = Debug|Win32
		{8D82ADFE-4FA0-47D5-A780-CA3FF66550B4}.Release|Win32.ActiveCfg = Release|Win32
		{8D82ADFE-4FA0-47D5-A780-CA3FF66550B4}.Release|Win32.Build.0 = Release|Win32
		{2D2F070F-67B2-4747-97C2-FD81F4BDAA9B}.Debug|Win32.ActiveCfg = Debug|Win32
		{2D2F070F-67B2-4747-97C2-FD81F4BDAA9B}.Debug|Win32.Build.0 = Debug|Win32
		{2D2F070F-67B2-4747-97C2-FD81F4BDAA9B}.Release|Win32.ActiveCfg = Release|Win32
		{2D2F070F-67B2-4747-97C2-FD81F4BDAA9B}.Release|Win32.Build.0 = Release|Win32
		{328A32BF-1476-447C-9E49-332D7DEFDF8A}.Debug|Win32.ActiveCfg = Debug|Win32
		{328A32BF-1476-447C-9E49-332D7DEFDF8A}.Debug|Win32.Build.0 = Debug|Win32
		{328A32BF-1476-447C-9E49-332D7DEFDF8A}.Release|Win32.ActiveCfg = Release|Win32
		{328A32BF-1476-447C-9E49-332D7DEFDF8A}.Release|Win32.Build.0 = Release|Win32
		{F58E3507-F0C4-4BC7-8124-373C342A2BD3}.Debug|Win32.ActiveCfg = Debug|Win32
		{F58E3507-F0C4-4BC7-8124-373C342A2BD3}.Debug|Win32.Build.0 = Debug|Win32
		{F58E3507-F0C4-4BC7-8124-373C342A2BD3}.Release|Win32.ActiveCfg = Release|Win32
		{F58E3507-F0C4-4BC7-8124-373C342A2BD3}.Release|Win32.Build.0 = Release|Win32
		{1BAB6AB7-B818-49C3-93B3-0F81C385FD03}.Debug|Win32.ActiveCfg = Debug|Win32
		{1BAB6AB7-B818-49C3-93B3-0F81C385FD03}.Debug|Win32.Build.0 = Debug|Win32
		{1BAB6AB7-B818-49C3-93B3-0F81C385FD03}.Release|Win32.ActiveCfg = Release|Win32
		{1BAB6AB7-B818-49C3-93B3-0F81C385FD03}.Release|Win32.Build.0 = Release|Win32
		{A993B6D0-387B-4B34-9840-A347482C43E5}.Debug|Win32.ActiveCfg = Debug|Win32
		{A993B6D0-387B-4B34-9840-A347482C43E5}.Debug|Win32.Build.0 = Debug|Win32
		{A993B6D0-387B-4B34-9840-A347482C43E5}.Release|Win32.ActiveCfg = Release|Win32
		{A993B6D0-387B-4B34-9840-A347482C43E5}.Release|Win32.Build.0 = Release|Win32
		{E8C84A4C-1D74-4D8B-9A3B-4D749A78AD14}.Debug|Win32.ActiveCfg = Debug|Win32
		{E8C84A4C-1D74-4D8B-9A3B-4D749A78AD14}.Debug|Win32.Build.0 = Debug|Win32
		{E8C84A4C-1D74-4D8B-9A3B-4D749A78AD14}.Release|Win32.ActiveCfg = Release|Win32
		{E8C84A4C-1D74-4D8B-9A3B-4D749A78AD14}.Release|Win32.Build.0 = Release|Win32
		{9649C0CA-4660-4AC8-AED9-D592CA7604DE}.Debug|Win32.ActiveCfg = Debug|Win32
		{9649C0CA-4660-4AC8-AED9-D592CA7604DE}.Debug|Win32.Build.0 = Debug|Win32
		{9649C0CA-4660-4AC8-AED9-D592CA7604DE}.Release|Win32.ActiveCfg = Release|Win32
		{9649C0CA-4660-4AC8-AED9-D592CA7604DE}.Release|Win32.Build.0 = Release|Win32
		{DCCA8F96-7150-4A99-BC07-15532D4F7A83}.Debug|Win32.ActiveCfg = Debug|Win32
		{DCCA8F96-7150-4A99-BC07-15532D4F7A83}.Debug|Win32.Build.0 = Debug|Win32
		{DCCA8F96-7150-4A99-BC07-15532D4F7A83}.Release|Win32.ActiveCfg = Release|Win32
		{DCCA8F96-7150-4A99-BC07-15532D4F7A83}.Release|Win32.Build.0 = Release|Win32
		{0CF2FC86-F313-4EB3-A630-97C3C85F3CDC}.Debug|Win32.ActiveCfg = Debug|Win32
		{0CF2FC86-F313-4EB3-A630-97C3C85F3CDC}.Debug|Win32.Build.0 = Debug|Win32
		{0CF2FC86-F313-4EB3-A630-97C3C85F3CDC}.Release|Win32.ActiveCfg = Release|Win32
		{0CF2FC86-F313-4EB3-A630-97C3C85F3CDC}.Release|Win32.Build.0 = Release|Win32
		{B44277A4-DD5E-413D-8D4E-51B4788A60AA}.Debug|Win32.ActiveCfg = Debug|Win32
		{B44277A4-DD5E-413D-8D4E-51B4788A60AA}.Debug|Win32.Build.0 = Debug|Win32
		{B44277A4-DD5E-413D-8D4E-51B4788A60AA}.Release|Win32.ActiveCfg = Release|Win32
		{B44277A4-DD5E-413D-8D4E-51B4788A60AA}.Release|Win32.Build.0 = Release|Win32
		{E9B1F353-0802-4A3D-B1B0-71679CCB0423}.Debug|Win32.ActiveCfg = Debug|Win32
		{E9B1F353-0802-4A3D-B1B0-71679CCB0423}.Debug|Win32.Build.0 = Debug|Win32
		{E9B1F353-0802-4A3D-B1B0-71679CCB0423}.Release|Win32.ActiveCfg = Release|Win32
		{E9B1F353-0802-4A3D-B1B0-71679CCB0423}.Release|Win32.Build.0 = Release|Win32
		{EFEC430F-7377-4CC1-A85B-930CFC3382D8}.Debug|Win32.ActiveCfg = Debug|Win32
		{EFEC430F-7377-4CC1-A85B-930CFC3382D8}.Debug|Win32.Build.0 = Debug|Win32
		{EFEC430F-7377-4CC1-A85B-930CFC3382D8}.Release|Win32.ActiveCfg = Release|Win32
		{EFEC430F-7377-4CC1-A85B-930CFC3382D8}.Release|Win32.Build.0 = Release|Win32
		{B3B129A8-460E-4360-8819-3ADA457E658A}.Debug|Win32.ActiveCfg = Debug|Win32
		{B3B129A8-460E-4360-8819-3ADA457E658A}.Debug|Win32.Build.0 = Debug|Win32
		{B3B129A8-460E-4360-8819-3ADA457E658A}.Release|Win32.ActiveCfg = Release|Win32
		{B3B129A8-460E-4360-8819-3ADA457E658A}.Release|Win32.Build.0 = Release|Win32
		{06C5BD9B-B3AB-42A0-83C9-E0CD7373C587}.Debug|Win32.ActiveCfg = Debug|Win32
		{06C5BD9B-B3AB-42A0-83C9-E0CD7373C587}.Debug|Win32.Build.0 = Debug|Win32
		{06C5BD9B-B3AB-42A0-83C9-E0CD7373C587}.Release|Win32.ActiveCfg = Release|Win32
		{06C5BD9B-B3AB-42A0-83C9-E0CD7373C587}.Release|Win32.Build.0 = Release|Win32
		{873F0FAF-0911-4D33-A60D-EEEADB07ACDC}.Debug|Win32.ActiveCfg = Debug|Win32
		{873F0FAF-0911-4D33-A60D-EEEADB07ACDC}.Debug|Win32.Build.0 = Debug|Win32
		{873F0FAF-0911-4D33-A60D-EEEADB07ACDC}.Release|Win32.ActiveCfg = Release|Win32
		{873F0FAF-0911-4D33-A60D-EEEADB07ACDC}.Release|Win32.Build.0 = Release|Win32
		{F83084A4-5DA9-4D3B-9185-AAAEAAC73596}.Debug|Win32.ActiveCfg = Debug|Win32
		{F83084A4-5DA9-4D3B-9185-AAAEAAC73596}.Debug|Win32.Build.0 = Debug|Win32
		{F83084A4-5DA9-4D3B-9185-AAAEAAC73596}.Release|Win32.ActiveCfg = Release|Win32
		{F83084A4-5DA9-4D3B-9185-AAAEAAC73596}.Release|Win32.Build.0 = Release|Win32
		{8D1D01EF-47A8-4A16-8116-76D818026CA0}.Debug|Win32.ActiveCfg = Debug|Win32
		{8D1D01EF-47A8-4A16-8116-76D818026CA0}.Debug|Win32.Build.0 = Debug|Win32
		{8D1D01EF-47A8-4A16-8116-76D818026CA0}.Release|Win32.ActiveCfg = Release|Win32
		{8D1D01EF-47A8-4A16-8116-76D818026CA0}.Release|Win32.Build.0 = Release|Win32
		{4224937B-9A0E-4D6F-BBEB-0422698CDD84}.Debug|Win32.ActiveCfg = Debug|Win32
		{4224937B-9A0E-4D6F-BBEB-0422698CDD84}.Debug|Win32.Build.0 = Debug|Win32
		{4224937B-9A0E-4D6F-BBEB-0422698CDD84}.Release|Win32.ActiveCfg = Release|Win32
		{4224937B-9A0E-4D6F-BBEB-0422698CDD84}.Release|Win32.Build.0 = Release|Win32
		{66313409-73F2-455C-BA98-1A407DC40C7E}.Debug|Win32.ActiveCfg = Debug|Win32
		{66313409-73F2-455C-BA98-1A407DC40C7E}.Debug|Win32.Build.0 = Debug|Win32
		{66313409-73F2-455C-BA98-1A407DC40C7E}.Release|Win32.ActiveCfg = Release|Win32
		{66313409-73F2-455C-BA98-1A407DC40C7E}.Release|Win32.Build.0 = Release|Win32
		{1FFB0526-1AC6-4755-8391-B70FBF13918D}.Debug|Win32.ActiveCfg = Debug|Win32
		{1FFB0526-1AC6-4755-8391-B70FBF13918D}.Debug|Win32.Build.0 = Debug|Win32
		{1FFB0526-1AC6-4755-8391-B70FBF13918D}.Release|Win32.ActiveCfg = Release|Win32
		{1FFB0526-1AC6-4755-8391-B70FBF13918D}.Release|Win32.Build.0 = Release|Win32
	EndGlobalSection
	GlobalSection(SolutionProperties) = preSolution
		HideSolutionNode = FALSE
	EndGlobalSection
	GlobalSection(NestedProjects) = preSolution
		{06963290-240E-4138-B722-AC05B2C09F14} = {AE5DCCF2-939A-49EA-83AB-14FCBC1C1992}
		{250A950E-E8F0-4A58-A48E-A33FE4AB3C1A} = {AE5DCCF2-939A-49EA-83AB-14FCBC1C1992}
		{782FFB47-0730-4642-8A39-A0B7460CD00D} = {AE5DCCF2-939A-49EA-83AB-14FCBC1C1992}
		{2378580D-6F5A-46B5-8C15-FCE0BE06DFAB} = {AE5DCCF2-939A-49EA-83AB-14FCBC1C1992}
		{53443CA1-D725-4DFB-8C2F-A91B1B6D26E3} = {AE5DCCF2-939A-49EA-83AB-14FCBC1C1992}
		{2F7BBBE4-84EA-4ECA-89FC-67E011CAF00E} = {AE5DCCF2-939A-49EA-83AB-14FCBC1C1992}
		{E76CA713-7A46-4951-BE2F-6B200B5BD3B8} = {AE5DCCF2-939A-49EA-83AB-14FCBC1C1992}
		{0CDD72CE-B533-4BE6-8978-C229009C6344} = {AE5DCCF2-939A-49EA-83AB-14FCBC1C1992}
		{FD956ADD-B7D5-4FB7-960C-226C217CE89C} = {AE5DCCF2-939A-49EA-83AB-14FCBC1C1992}
		{6D1B9267-D74A-4634-B24F-4C88CF3123B3} = {AE5DCCF2-939A-49EA-83AB-14FCBC1C1992}
		{AB174E90-4515-4E86-A848-EB18D8F69D55} = {AE5DCCF2-939A-49EA-83AB-14FCBC1C1992}
		{70CF4BD5-48AE-43DE-BF55-1FBDFB137E41} = {AE5DCCF2-939A-49EA-83AB-14FCBC1C1992}
		{40DFCBED-2C9E-43C2-9F81-70225D8328E5} = {AE5DCCF2-939A-49EA-83AB-14FCBC1C1992}
		{BB5F14FC-A3BC-4C9A-A625-59A180779CCC} = {AE5DCCF2-939A-49EA-83AB-14FCBC1C1992}
		{D95E70AE-C581-4A43-A424-6386A339398F} = {AE5DCCF2-939A-49EA-83AB-14FCBC1C1992}
		{8A87BCDD-06A0-4884-9DD3-BDA1D8BEEA31} = {AE5DCCF2-939A-49EA-83AB-14FCBC1C1992}
		{27840A3C-B447-4A8E-9473-596CF6FE13E5} = {AE5DCCF2-939A-49EA-83AB-14FCBC1C1992}
		{ACA7A9C6-CCF2-4433-A617-3817C3CCFEF9} = {AE5DCCF2-939A-49EA-83AB-14FCBC1C1992}
		{AD6A8EE6-5E03-4353-9CD7-B6AF3D6A8CF6} = {AE5DCCF2-939A-49EA-83AB-14FCBC1C1992}
		{71F193B5-D49C-4DD4-8046-0003091A9D7F} = {AE5DCCF2-939A-49EA-83AB-14FCBC1C1992}
		{8D82ADFE-4FA0-47D5-A780-CA3FF66550B4} = {BB9C5D36-9D80-4FC9-9D90-9285E41B9B16}
		{2D2F070F-67B2-4747-97C2-FD81F4BDAA9B} = {BB9C5D36-9D80-4FC9-9D90-9285E41B9B16}
		{328A32BF-1476-447C-9E49-332D7DEFDF8A} = {BB9C5D36-9D80-4FC9-9D90-9285E41B9B16}
		{F58E3507-F0C4-4BC7-8124-373C342A2BD3} = {BB9C5D36-9D80-4FC9-9D90-9285E41B9B16}
		{1BAB6AB7-B818-49C3-93B3-0F81C385FD03} = {BB9C5D36-9D80-4FC9-9D90-9285E41B9B16}
		{A993B6D0-387B-4B34-9840-A347482C43E5} = {BB9C5D36-9D80-4FC9-9D90-9285E41B9B16}
		{E8C84A4C-1D74-4D8B-9A3B-4D749A78AD14} = {BB9C5D36-9D80-4FC9-9D90-9285E41B9B16}
		{9649C0CA-4660-4AC8-AED9-D592CA7604DE} = {BB9C5D36-9D80-4FC9-9D90-9285E41B9B16}
		{95CCC2E2-EC0D-4AD3-B4F3-B0D68BFA0A38} = {BB9C5D36-9D80-4FC9-9D90-9285E41B9B16}
		{DCCA8F96-7150-4A99-BC07-15532D4F7A83} = {BB9C5D36-9D80-4FC9-9D90-9285E41B9B16}
		{0CF2FC86-F313-4EB3-A630-97C3C85F3CDC} = {BB9C5D36-9D80-4FC9-9D90-9285E41B9B16}
		{B44277A4-DD5E-413D-8D4E-51B4788A60AA} = {BB9C5D36-9D80-4FC9-9D90-9285E41B9B16}
		{E9B1F353-0802-4A3D-B1B0-71679CCB0423} = {BB9C5D36-9D80-4FC9-9D90-9285E41B9B16}
		{EFEC430F-7377-4CC1-A85B-930CFC3382D8} = {BB9C5D36-9D80-4FC9-9D90-9285E41B9B16}
		{B3B129A8-460E-4360-8819-3ADA457E658A} = {BB9C5D36-9D80-4FC9-9D90-9285E41B9B16}
		{06C5BD9B-B3AB-42A0-83C9-E0CD7373C587} = {BB9C5D36-9D80-4FC9-9D90-9285E41B9B16}
		{873F0FAF-0911-4D33-A60D-EEEADB07ACDC} = {BB9C5D36-9D80-4FC9-9D90-9285E41B9B16}
		{F83084A4-5DA9-4D3B-9185-AAAEAAC73596} = {BB9C5D36-9D80-4FC9-9D90-9285E41B9B16}
		{8D1D01EF-47A8-4A16-8116-76D818026CA0} = {BB9C5D36-9D80-4FC9-9D90-9285E41B9B16}
		{4224937B-9A0E-4D6F-BBEB-0422698CDD84} = {BB9C5D36-9D80-4FC9-9D90-9285E41B9B16}
		{66313409-73F2-455C-BA98-1A407DC40C7E} = {A1E27F15-3D5D-4E7B-A54A-E3B8C5E63C1D}
		{1FFB0526-1AC6-4755-8391-B70FBF13918D} = {A1E27F15-3D5D-4E7B-A54A-E3B8C5E63C1D}
	EndGlobalSection
EndGlobal
