
Microsoft Visual Studio Solution File, Format Version 11.00
# Visual Studio 2010
Project("{8BC9CEB8-8B4A-11D0-8D11-00A0C91BC942}") = "1000", "1000\1000.vcxproj", "{71F193B5-D49C-4DD4-8046-0003091A9D7F}"
EndProject
Project("{8BC9CEB8-8B4A-11D0-8D11-00A0C91BC942}") = "1001", "1001\1001.vcxproj", "{06963290-240E-4138-B722-AC05B2C09F14}"
EndProject
Project("{8BC9CEB8-8B4A-11D0-8D11-00A0C91BC942}") = "1002", "1002\1002.vcxproj", "{250A950E-E8F0-4A58-A48E-A33FE4AB3C1A}"
EndProject
Project("{8BC9CEB8-8B4A-11D0-8D11-00A0C91BC942}") = "1003", "1003\1003.vcxproj", "{782FFB47-0730-4642-8A39-A0B7460CD00D}"
EndProject
Project("{8BC9CEB8-8B4A-11D0-8D11-00A0C91BC942}") = "1004", "1004\1004.vcxproj", "{2378580D-6F5A-46B5-8C15-FCE0BE06DFAB}"
EndProject
Project("{8BC9CEB8-8B4A-11D0-8D11-00A0C91BC942}") = "1005", "1005\1005.vcxproj", "{53443CA1-D725-4DFB-8C2F-A91B1B6D26E3}"
EndProject
Project("{8BC9CEB8-8B4A-11D0-8D11-00A0C91BC942}") = "1006", "1006\1006.vcxproj", "{2F7BBBE4-84EA-4ECA-89FC-67E011CAF00E}"
EndProject
Global
	GlobalSection(SolutionConfigurationPlatforms) = preSolution
		Debug|Win32 = Debug|Win32
		Release|Win32 = Release|Win32
	EndGlobalSection
	GlobalSection(ProjectConfigurationPlatforms) = postSolution
		{71F193B5-D49C-4DD4-8046-0003091A9D7F}.Debug|Win32.ActiveCfg = Debug|Win32
		{71F193B5-D49C-4DD4-8046-0003091A9D7F}.Debug|Win32.Build.0 = Debug|Win32
		{71F193B5-D49C-4DD4-8046-0003091A9D7F}.Release|Win32.ActiveCfg = Release|Win32
		{71F193B5-D49C-4DD4-8046-0003091A9D7F}.Release|Win32.Build.0 = Release|Win32
		{06963290-240E-4138-B722-AC05B2C09F14}.Debug|Win32.ActiveCfg = Debug|Win32
		{06963290-240E-4138-B722-AC05B2C09F14}.Debug|Win32.Build.0 = Debug|Win32
		{06963290-240E-4138-B722-AC05B2C09F14}.Release|Win32.ActiveCfg = Release|Win32
		{06963290-240E-4138-B722-AC05B2C09F14}.Release|Win32.Build.0 = Release|Win32
		{250A950E-E8F0-4A58-A48E-A33FE4AB3C1A}.Debug|Win32.ActiveCfg = Debug|Win32
		{250A950E-E8F0-4A58-A48E-A33FE4AB3C1A}.Debug|Win32.Build.0 = Debug|Win32
		{250A950E-E8F0-4A58-A48E-A33FE4AB3C1A}.Release|Win32.ActiveCfg = Release|Win32
		{250A950E-E8F0-4A58-A48E-A33FE4AB3C1A}.Release|Win32.Build.0 = Release|Win32
		{782FFB47-0730-4642-8A39-A0B7460CD00D}.Debug|Win32.ActiveCfg = Debug|Win32
		{782FFB47-0730-4642-8A39-A0B7460CD00D}.Debug|Win32.Build.0 = Debug|Win32
		{782FFB47-0730-4642-8A39-A0B7460CD00D}.Release|Win32.ActiveCfg = Release|Win32
		{782FFB47-0730-4642-8A39-A0B7460CD00D}.Release|Win32.Build.0 = Release|Win32
		{2378580D-6F5A-46B5-8C15-FCE0BE06DFAB}.Debug|Win32.ActiveCfg = Debug|Win32
		{2378580D-6F5A-46B5-8C15-FCE0BE06DFAB}.Debug|Win32.Build.0 = Debug|Win32
		{2378580D-6F5A-46B5-8C15-FCE0BE06DFAB}.Release|Win32.ActiveCfg = Release|Win32
		{2378580D-6F5A-46B5-8C15-FCE0BE06DFAB}.Release|Win32.Build.0 = Release|Win32
		{53443CA1-D725-4DFB-8C2F-A91B1B6D26E3}.Debug|Win32.ActiveCfg = Debug|Win32
		{53443CA1-D725-4DFB-8C2F-A91B1B6D26E3}.Debug|Win32.Build.0 = Debug|Win32
		{53443CA1-D725-4DFB-8C2F-A91B1B6D26E3}.Release|Win32.ActiveCfg = Release|Win32
		{53443CA1-D725-4DFB-8C2F-A91B1B6D26E3}.Release|Win32.Build.0 = Release|Win32
		{2F7BBBE4-84EA-4ECA-89FC-67E011CAF00E}.Debug|Win32.ActiveCfg = Debug|Win32
		{2F7BBBE4-84EA-4ECA-89FC-67E011CAF00E}.Debug|Win32.Build.0 = Debug|Win32
		{2F7BBBE4-84EA-4ECA-89FC-67E011CAF00E}.Release|Win32.ActiveCfg = Release|Win32
		{2F7BBBE4-84EA-4ECA-89FC-67E011CAF00E}.Release|Win32.Build.0 = Release|Win32
	EndGlobalSection
	GlobalSection(SolutionProperties) = preSolution
		HideSolutionNode = FALSE
	EndGlobalSection
EndGlobal
