
Microsoft Visual Studio Solution File, Format Version 12.00
# Visual Studio 15
VisualStudioVersion = 15.0.27703.2035
MinimumVisualStudioVersion = 10.0.40219.1
Project("{FAE04EC0-301F-11D3-BF4B-00C04F79EFBC}") = "CSharpLearningClean", "CSharpLearningClean\CSharpLearningClean.csproj", "{A46FCD24-D247-41A2-88F3-536A87397C53}"
EndProject
Project("{FAE04EC0-301F-11D3-BF4B-00C04F79EFBC}") = "Welcome_20151116_1", "Welcome_20151116_1\Welcome_20151116_1.csproj", "{4AC9D33F-5B37-4878-A2AE-3FCBA8BB5D1D}"
EndProject
Project("{FAE04EC0-301F-11D3-BF4B-00C04F79EFBC}") = "Welcome_20151118_1", "Welcome_20151118_1\Welcome_20151118_1.csproj", "{E72B45A5-341D-4543-8D61-E25C80F8134D}"
EndProject
Project("{FAE04EC0-301F-11D3-BF4B-00C04F79EFBC}") = "Welcome_20151118_2", "Welcome_20151118_2\Welcome_20151118_2.csproj", "{9AEBCB8D-DB0C-4AA4-8DF9-2C24C1A42713}"
EndProject
Project("{FAE04EC0-301F-11D3-BF4B-00C04F79EFBC}") = "CopyFile_20160107_1", "CopyFile_20160107_1\CopyFile_20160107_1.csproj", "{262B05AA-E04E-4486-A01F-D31141DD9C4E}"
EndProject
Project("{FAE04EC0-301F-11D3-BF4B-00C04F79EFBC}") = "Integer_20160218_1", "Integer_20160218_1\Integer_20160218_1.csproj", "{B54CAB4B-118E-4467-B5E0-41CC63FEF075}"
EndProject
Project("{FAE04EC0-301F-11D3-BF4B-00C04F79EFBC}") = "Plan", "Plan\Plan.csproj", "{CA099AA8-064E-43F5-A934-617B72EE1CF0}"
EndProject
Project("{FAE04EC0-301F-11D3-BF4B-00C04F79EFBC}") = "BubSort_20170316_1", "BubSort_20170316_1\BubSort_20170316_1.csproj", "{E8CAF2ED-4D2F-4061-9320-7E6DF31711B2}"
EndProject
Project("{FAE04EC0-301F-11D3-BF4B-00C04F79EFBC}") = "YinYangShi", "YinYangShi\YinYangShi.csproj", "{C2EE42BC-1B9F-42AF-8955-AC11528E30F5}"
EndProject
Project("{FAE04EC0-301F-11D3-BF4B-00C04F79EFBC}") = "ToLookup_Learning_20170519", "ToLookup_Learning_20170519\ToLookup_Learning_20170519.csproj", "{DCD13ED4-44D7-48E0-96CC-EB666CF41B32}"
EndProject
Project("{FAE04EC0-301F-11D3-BF4B-00C04F79EFBC}") = "DNFScript", "DNFScript\DNFScript.csproj", "{D117C8F9-5C15-46D3-9206-25D5AA07A0AD}"
EndProject
Project("{FAE04EC0-301F-11D3-BF4B-00C04F79EFBC}") = "Xml_Operation_20170616", "Xml_Operation_20170616\Xml_Operation_20170616.csproj", "{8ADBA422-05B8-47F4-9E6B-A143E480FA83}"
EndProject
Project("{FAE04EC0-301F-11D3-BF4B-00C04F79EFBC}") = "FolderIterator_20170704_1", "FolderIterator_20170704_1\FolderIterator_20170704_1.csproj", "{DE16D154-639E-438A-A887-BA8E5EF142E9}"
EndProject
Project("{FAE04EC0-301F-11D3-BF4B-00C04F79EFBC}") = "DateTime_Operation_20170705_1", "DateTime_Operation_20170705_1\DateTime_Operation_20170705_1.csproj", "{E46CB563-3E33-4544-916D-3BF8DAF6F243}"
EndProject
Project("{FAE04EC0-301F-11D3-BF4B-00C04F79EFBC}") = "TreeView_Operation_20170710_1", "TreeView_Operation_20170710_1\TreeView_Operation_20170710_1.csproj", "{9E37C0AC-514F-42AB-95D2-1E0D85D8DBAD}"
EndProject
Project("{FAE04EC0-301F-11D3-BF4B-00C04F79EFBC}") = "Radian_Practice_20170711_1", "Radian_Practice_20170711_1\Radian_Practice_20170711_1.csproj", "{25716A8A-663C-464B-B5F1-7BF4DCEF9E87}"
EndProject
Project("{FAE04EC0-301F-11D3-BF4B-00C04F79EFBC}") = "Xml_Operation_20170717_1", "Xml_Operation_20170717_1\Xml_Operation_20170717_1.csproj", "{148FA99D-F998-4E43-9CB0-12D3C4A3A243}"
EndProject
Project("{FAE04EC0-301F-11D3-BF4B-00C04F79EFBC}") = "Float_Convert_String_20170720_1", "Float_Convert_String_20170720_1\Float_Convert_String_20170720_1.csproj", "{06727301-B637-43BB-A086-9D025E6B86EB}"
EndProject
Project("{FAE04EC0-301F-11D3-BF4B-00C04F79EFBC}") = "File_Operation_20170727_1", "File_Operation_20170727_1\File_Operation_20170727_1.csproj", "{A2288242-EE19-480A-8B60-F240EFC054FE}"
EndProject
Project("{2150E333-8FDC-42A3-9474-1A3956D46DE8}") = "XML练习", "XML练习", "{66416243-3E71-483B-8BC9-3B958BF32B3F}"
EndProject
Project("{2150E333-8FDC-42A3-9474-1A3956D46DE8}") = "正则表达式练习", "正则表达式练习", "{7485F513-C0AD-4996-BF8F-8CAFB1277B8A}"
EndProject
Project("{FAE04EC0-301F-11D3-BF4B-00C04F79EFBC}") = "Regex_20170927_1", "Regex_20170927_1\Regex_20170927_1.csproj", "{4B7CDACE-4DB2-4B4C-B245-1DEA0E7CB794}"
EndProject
Project("{2150E333-8FDC-42A3-9474-1A3956D46DE8}") = "脚本", "脚本", "{A9F5769B-DAB0-456C-AAD9-13BD0065DCD6}"
EndProject
Project("{FAE04EC0-301F-11D3-BF4B-00C04F79EFBC}") = "AdvTree_Operation_20171010_1", "AdvTree_Operation_20171010_1\AdvTree_Operation_20171010_1.csproj", "{C0EACCA3-58FD-43A0-974B-CDC25E4362ED}"
EndProject
Project("{2150E333-8FDC-42A3-9474-1A3956D46DE8}") = "TreeView练习", "TreeView练习", "{E3144655-D1A6-4D29-97FB-F1F189BC0C56}"
EndProject
Project("{2150E333-8FDC-42A3-9474-1A3956D46DE8}") = "语法练习", "语法练习", "{5119B420-18AD-4C30-9504-3273F45C2193}"
EndProject
Project("{2150E333-8FDC-42A3-9474-1A3956D46DE8}") = "Timer", "Timer", "{2B742877-EA9F-45CE-8C78-47AAAB1A6C65}"
EndProject
Project("{FAE04EC0-301F-11D3-BF4B-00C04F79EFBC}") = "Timer_20171019_1", "Timer_20171019_1\Timer_20171019_1.csproj", "{E6922021-926E-4A9D-846E-F449968158DF}"
EndProject
Project("{2150E333-8FDC-42A3-9474-1A3956D46DE8}") = "文件操作", "文件操作", "{1DB53A49-746C-4B9C-8C44-0AAFE07C2733}"
EndProject
Project("{2150E333-8FDC-42A3-9474-1A3956D46DE8}") = "数据类型练习", "数据类型练习", "{64988886-83E0-4AAD-BEFC-0D1465FE13AA}"
EndProject
Project("{2150E333-8FDC-42A3-9474-1A3956D46DE8}") = "算法", "算法", "{8E3880F3-AA80-4BB0-8B7B-78FD54FC4CF5}"
EndProject
Project("{FAE04EC0-301F-11D3-BF4B-00C04F79EFBC}") = "Comment_20171101_1", "Comment_20171101_1\Comment_20171101_1.csproj", "{324BA118-CA76-4500-963B-AB916FB173FE}"
EndProject
Project("{2150E333-8FDC-42A3-9474-1A3956D46DE8}") = "网络", "网络", "{0F7020D7-7213-4A80-8018-AEB29A0FC638}"
EndProject
Project("{FAE04EC0-301F-11D3-BF4B-00C04F79EFBC}") = "Syetem.Net_20171116_1", "Syetem.Net_20171116_1\Syetem.Net_20171116_1.csproj", "{9A2258B8-2EB9-432C-BD91-FA3F13185340}"
EndProject
Project("{FAE04EC0-301F-11D3-BF4B-00C04F79EFBC}") = "System.Net_20171205_1", "System.Net_20171205_1\System.Net_20171205_1.csproj", "{BAE945DC-97BA-4884-8102-6867101D279A}"
EndProject
Project("{FAE04EC0-301F-11D3-BF4B-00C04F79EFBC}") = "StreamReader_20171208_1", "StreamReader_20171208_1\StreamReader_20171208_1.csproj", "{07B8A681-870C-478F-A236-F899FF50AE71}"
EndProject
Project("{FAE04EC0-301F-11D3-BF4B-00C04F79EFBC}") = "System.Net_20171222_1", "System.Net_20171222_1\System.Net_20171222_1.csproj", "{19E74417-D8BC-4369-A5D4-9A00780B6F56}"
EndProject
Project("{FAE04EC0-301F-11D3-BF4B-00C04F79EFBC}") = "Headers_20171225_1", "Headers_20171225_1\Headers_20171225_1.csproj", "{D524E6BD-A861-44DE-A634-03B0FD2B8CAA}"
EndProject
Project("{FAE04EC0-301F-11D3-BF4B-00C04F79EFBC}") = "Cookie_20171225_1", "Cookie\Cookie_20171225_1.csproj", "{1E9E9B43-3B4E-4A75-B035-3AC237A105A4}"
EndProject
Project("{FAE04EC0-301F-11D3-BF4B-00C04F79EFBC}") = "FindFile_20180102_1", "FindFile_20180102_1\FindFile_20180102_1.csproj", "{7BF9D936-18E4-4B82-AF46-E24BA4F1C2AC}"
EndProject
Project("{FAE04EC0-301F-11D3-BF4B-00C04F79EFBC}") = "FindFunction_20180102_1", "FindFunction_20180102_1\FindFunction_20180102_1.csproj", "{66514D2D-FB14-41AC-AA06-0C703AF67236}"
EndProject
Project("{FAE04EC0-301F-11D3-BF4B-00C04F79EFBC}") = "CreateDirectory_20180119_1", "CreateDirectory_20180119_1\CreateDirectory_20180119_1.csproj", "{B0AD45EC-06DD-49F9-AEC1-8AC662B79E67}"
EndProject
Project("{2150E333-8FDC-42A3-9474-1A3956D46DE8}") = "字符串", "字符串", "{A8811032-66BB-4F1E-902A-69AA44EEE358}"
EndProject
Project("{FAE04EC0-301F-11D3-BF4B-00C04F79EFBC}") = "StringBuilder_20180119_1", "StringBuilder_20180119_1\StringBuilder_20180119_1.csproj", "{91758F8B-4BAB-4E93-99AF-9CE04BB53EE9}"
EndProject
Project("{FAE04EC0-301F-11D3-BF4B-00C04F79EFBC}") = "DirectoryExists_20180119_1", "DirectoryExists_20180119_1\DirectoryExists_20180119_1.csproj", "{71ABB5F1-41BC-40DE-B73B-0AD98D5B2829}"
EndProject
Project("{FAE04EC0-301F-11D3-BF4B-00C04F79EFBC}") = "Regex_20180123_1", "Regex_20180123_1\Regex_20180123_1.csproj", "{D02F75D4-4FCE-432A-99BD-64DAE1E3FC2E}"
EndProject
Project("{FAE04EC0-301F-11D3-BF4B-00C04F79EFBC}") = "GetDrives_20180301_1", "GetDrives_20180301_1\GetDrives_20180301_1.csproj", "{3A1A81DD-DFE0-462A-A648-2CF6A0093C56}"
EndProject
Project("{FAE04EC0-301F-11D3-BF4B-00C04F79EFBC}") = "HttpWebResponse.LastModified_20180327_1", "HttpWebResponse.LastModified\HttpWebResponse.LastModified_20180327_1.csproj", "{0EDC7801-212A-43B9-83C8-74F3A6021036}"
EndProject
Project("{FAE04EC0-301F-11D3-BF4B-00C04F79EFBC}") = "RemoveDir_20180330_1", "RemoveDir\RemoveDir_20180330_1.csproj", "{26E98387-C76A-4903-8215-CAF352C43CE5}"
EndProject
Project("{2150E333-8FDC-42A3-9474-1A3956D46DE8}") = "容器", "容器", "{FB701AE2-177A-4F0F-8038-2518AB5D747F}"
EndProject
Project("{FAE04EC0-301F-11D3-BF4B-00C04F79EFBC}") = "IndexOf_20180402_1", "IndexOf_20180402_1\IndexOf_20180402_1.csproj", "{89F9FFEA-D362-4A99-BC76-C4603D9D74DF}"
EndProject
Project("{2150E333-8FDC-42A3-9474-1A3956D46DE8}") = "多线程", "多线程", "{AD5E9F62-70F5-4E15-A414-D365348C2725}"
EndProject
Project("{FAE04EC0-301F-11D3-BF4B-00C04F79EFBC}") = "Create64Process_20180404_1", "Create64Process_20180404_1\Create64Process_20180404_1.csproj", "{BF0BA2AE-4B2B-478D-900A-9527FF3076B1}"
EndProject
Project("{FAE04EC0-301F-11D3-BF4B-00C04F79EFBC}") = "StreamReader_StreamWriter_20180408_1", "StreamReader_StreamWriter_20180408_1\StreamReader_StreamWriter_20180408_1.csproj", "{CD483B38-AF15-49D8-92F7-822B4E21D5CF}"
EndProject
Project("{2150E333-8FDC-42A3-9474-1A3956D46DE8}") = "Enum", "Enum", "{DD84249F-9EC5-4E44-B752-B78C0813EF22}"
EndProject
Project("{FAE04EC0-301F-11D3-BF4B-00C04F79EFBC}") = "Enum_DescriptionAttribute_20180905", "Enum_DescriptionAttribute_20180905\Enum_DescriptionAttribute_20180905.csproj", "{DBF39CC7-6C30-422A-83FD-8CF6BB366C06}"
EndProject
Global
	GlobalSection(SolutionConfigurationPlatforms) = preSolution
		Debug|Any CPU = Debug|Any CPU
		Debug|Mixed Platforms = Debug|Mixed Platforms
		Debug|Win32 = Debug|Win32
		Release|Any CPU = Release|Any CPU
		Release|Mixed Platforms = Release|Mixed Platforms
		Release|Win32 = Release|Win32
	EndGlobalSection
	GlobalSection(ProjectConfigurationPlatforms) = postSolution
		{A46FCD24-D247-41A2-88F3-536A87397C53}.Debug|Any CPU.ActiveCfg = Debug|Any CPU
		{A46FCD24-D247-41A2-88F3-536A87397C53}.Debug|Any CPU.Build.0 = Debug|Any CPU
		{A46FCD24-D247-41A2-88F3-536A87397C53}.Debug|Mixed Platforms.ActiveCfg = Debug|Any CPU
		{A46FCD24-D247-41A2-88F3-536A87397C53}.Debug|Mixed Platforms.Build.0 = Debug|Any CPU
		{A46FCD24-D247-41A2-88F3-536A87397C53}.Debug|Win32.ActiveCfg = Debug|Any CPU
		{A46FCD24-D247-41A2-88F3-536A87397C53}.Release|Any CPU.ActiveCfg = Release|Any CPU
		{A46FCD24-D247-41A2-88F3-536A87397C53}.Release|Any CPU.Build.0 = Release|Any CPU
		{A46FCD24-D247-41A2-88F3-536A87397C53}.Release|Mixed Platforms.ActiveCfg = Release|Any CPU
		{A46FCD24-D247-41A2-88F3-536A87397C53}.Release|Mixed Platforms.Build.0 = Release|Any CPU
		{A46FCD24-D247-41A2-88F3-536A87397C53}.Release|Win32.ActiveCfg = Release|Any CPU
		{4AC9D33F-5B37-4878-A2AE-3FCBA8BB5D1D}.Debug|Any CPU.ActiveCfg = Debug|Any CPU
		{4AC9D33F-5B37-4878-A2AE-3FCBA8BB5D1D}.Debug|Any CPU.Build.0 = Debug|Any CPU
		{4AC9D33F-5B37-4878-A2AE-3FCBA8BB5D1D}.Debug|Mixed Platforms.ActiveCfg = Debug|Any CPU
		{4AC9D33F-5B37-4878-A2AE-3FCBA8BB5D1D}.Debug|Mixed Platforms.Build.0 = Debug|Any CPU
		{4AC9D33F-5B37-4878-A2AE-3FCBA8BB5D1D}.Debug|Win32.ActiveCfg = Debug|Any CPU
		{4AC9D33F-5B37-4878-A2AE-3FCBA8BB5D1D}.Release|Any CPU.ActiveCfg = Release|Any CPU
		{4AC9D33F-5B37-4878-A2AE-3FCBA8BB5D1D}.Release|Any CPU.Build.0 = Release|Any CPU
		{4AC9D33F-5B37-4878-A2AE-3FCBA8BB5D1D}.Release|Mixed Platforms.ActiveCfg = Release|Any CPU
		{4AC9D33F-5B37-4878-A2AE-3FCBA8BB5D1D}.Release|Mixed Platforms.Build.0 = Release|Any CPU
		{4AC9D33F-5B37-4878-A2AE-3FCBA8BB5D1D}.Release|Win32.ActiveCfg = Release|Any CPU
		{E72B45A5-341D-4543-8D61-E25C80F8134D}.Debug|Any CPU.ActiveCfg = Debug|Any CPU
		{E72B45A5-341D-4543-8D61-E25C80F8134D}.Debug|Any CPU.Build.0 = Debug|Any CPU
		{E72B45A5-341D-4543-8D61-E25C80F8134D}.Debug|Mixed Platforms.ActiveCfg = Debug|Any CPU
		{E72B45A5-341D-4543-8D61-E25C80F8134D}.Debug|Mixed Platforms.Build.0 = Debug|Any CPU
		{E72B45A5-341D-4543-8D61-E25C80F8134D}.Debug|Win32.ActiveCfg = Debug|Any CPU
		{E72B45A5-341D-4543-8D61-E25C80F8134D}.Release|Any CPU.ActiveCfg = Release|Any CPU
		{E72B45A5-341D-4543-8D61-E25C80F8134D}.Release|Any CPU.Build.0 = Release|Any CPU
		{E72B45A5-341D-4543-8D61-E25C80F8134D}.Release|Mixed Platforms.ActiveCfg = Release|Any CPU
		{E72B45A5-341D-4543-8D61-E25C80F8134D}.Release|Mixed Platforms.Build.0 = Release|Any CPU
		{E72B45A5-341D-4543-8D61-E25C80F8134D}.Release|Win32.ActiveCfg = Release|Any CPU
		{9AEBCB8D-DB0C-4AA4-8DF9-2C24C1A42713}.Debug|Any CPU.ActiveCfg = Debug|Any CPU
		{9AEBCB8D-DB0C-4AA4-8DF9-2C24C1A42713}.Debug|Any CPU.Build.0 = Debug|Any CPU
		{9AEBCB8D-DB0C-4AA4-8DF9-2C24C1A42713}.Debug|Mixed Platforms.ActiveCfg = Debug|Any CPU
		{9AEBCB8D-DB0C-4AA4-8DF9-2C24C1A42713}.Debug|Mixed Platforms.Build.0 = Debug|Any CPU
		{9AEBCB8D-DB0C-4AA4-8DF9-2C24C1A42713}.Debug|Win32.ActiveCfg = Debug|Any CPU
		{9AEBCB8D-DB0C-4AA4-8DF9-2C24C1A42713}.Release|Any CPU.ActiveCfg = Release|Any CPU
		{9AEBCB8D-DB0C-4AA4-8DF9-2C24C1A42713}.Release|Any CPU.Build.0 = Release|Any CPU
		{9AEBCB8D-DB0C-4AA4-8DF9-2C24C1A42713}.Release|Mixed Platforms.ActiveCfg = Release|Any CPU
		{9AEBCB8D-DB0C-4AA4-8DF9-2C24C1A42713}.Release|Mixed Platforms.Build.0 = Release|Any CPU
		{9AEBCB8D-DB0C-4AA4-8DF9-2C24C1A42713}.Release|Win32.ActiveCfg = Release|Any CPU
		{262B05AA-E04E-4486-A01F-D31141DD9C4E}.Debug|Any CPU.ActiveCfg = Debug|Any CPU
		{262B05AA-E04E-4486-A01F-D31141DD9C4E}.Debug|Any CPU.Build.0 = Debug|Any CPU
		{262B05AA-E04E-4486-A01F-D31141DD9C4E}.Debug|Mixed Platforms.ActiveCfg = Debug|Any CPU
		{262B05AA-E04E-4486-A01F-D31141DD9C4E}.Debug|Mixed Platforms.Build.0 = Debug|Any CPU
		{262B05AA-E04E-4486-A01F-D31141DD9C4E}.Debug|Win32.ActiveCfg = Debug|Any CPU
		{262B05AA-E04E-4486-A01F-D31141DD9C4E}.Release|Any CPU.ActiveCfg = Release|Any CPU
		{262B05AA-E04E-4486-A01F-D31141DD9C4E}.Release|Any CPU.Build.0 = Release|Any CPU
		{262B05AA-E04E-4486-A01F-D31141DD9C4E}.Release|Mixed Platforms.ActiveCfg = Release|Any CPU
		{262B05AA-E04E-4486-A01F-D31141DD9C4E}.Release|Mixed Platforms.Build.0 = Release|Any CPU
		{262B05AA-E04E-4486-A01F-D31141DD9C4E}.Release|Win32.ActiveCfg = Release|Any CPU
		{B54CAB4B-118E-4467-B5E0-41CC63FEF075}.Debug|Any CPU.ActiveCfg = Debug|Any CPU
		{B54CAB4B-118E-4467-B5E0-41CC63FEF075}.Debug|Any CPU.Build.0 = Debug|Any CPU
		{B54CAB4B-118E-4467-B5E0-41CC63FEF075}.Debug|Mixed Platforms.ActiveCfg = Debug|Any CPU
		{B54CAB4B-118E-4467-B5E0-41CC63FEF075}.Debug|Mixed Platforms.Build.0 = Debug|Any CPU
		{B54CAB4B-118E-4467-B5E0-41CC63FEF075}.Debug|Win32.ActiveCfg = Debug|Any CPU
		{B54CAB4B-118E-4467-B5E0-41CC63FEF075}.Release|Any CPU.ActiveCfg = Release|Any CPU
		{B54CAB4B-118E-4467-B5E0-41CC63FEF075}.Release|Any CPU.Build.0 = Release|Any CPU
		{B54CAB4B-118E-4467-B5E0-41CC63FEF075}.Release|Mixed Platforms.ActiveCfg = Release|Any CPU
		{B54CAB4B-118E-4467-B5E0-41CC63FEF075}.Release|Mixed Platforms.Build.0 = Release|Any CPU
		{B54CAB4B-118E-4467-B5E0-41CC63FEF075}.Release|Win32.ActiveCfg = Release|Any CPU
		{CA099AA8-064E-43F5-A934-617B72EE1CF0}.Debug|Any CPU.ActiveCfg = Debug|Any CPU
		{CA099AA8-064E-43F5-A934-617B72EE1CF0}.Debug|Any CPU.Build.0 = Debug|Any CPU
		{CA099AA8-064E-43F5-A934-617B72EE1CF0}.Debug|Mixed Platforms.ActiveCfg = Debug|Any CPU
		{CA099AA8-064E-43F5-A934-617B72EE1CF0}.Debug|Mixed Platforms.Build.0 = Debug|Any CPU
		{CA099AA8-064E-43F5-A934-617B72EE1CF0}.Debug|Win32.ActiveCfg = Debug|Any CPU
		{CA099AA8-064E-43F5-A934-617B72EE1CF0}.Release|Any CPU.ActiveCfg = Release|Any CPU
		{CA099AA8-064E-43F5-A934-617B72EE1CF0}.Release|Any CPU.Build.0 = Release|Any CPU
		{CA099AA8-064E-43F5-A934-617B72EE1CF0}.Release|Mixed Platforms.ActiveCfg = Release|Any CPU
		{CA099AA8-064E-43F5-A934-617B72EE1CF0}.Release|Mixed Platforms.Build.0 = Release|Any CPU
		{CA099AA8-064E-43F5-A934-617B72EE1CF0}.Release|Win32.ActiveCfg = Release|Any CPU
		{E8CAF2ED-4D2F-4061-9320-7E6DF31711B2}.Debug|Any CPU.ActiveCfg = Debug|Any CPU
		{E8CAF2ED-4D2F-4061-9320-7E6DF31711B2}.Debug|Any CPU.Build.0 = Debug|Any CPU
		{E8CAF2ED-4D2F-4061-9320-7E6DF31711B2}.Debug|Mixed Platforms.ActiveCfg = Debug|Any CPU
		{E8CAF2ED-4D2F-4061-9320-7E6DF31711B2}.Debug|Mixed Platforms.Build.0 = Debug|Any CPU
		{E8CAF2ED-4D2F-4061-9320-7E6DF31711B2}.Debug|Win32.ActiveCfg = Debug|Any CPU
		{E8CAF2ED-4D2F-4061-9320-7E6DF31711B2}.Release|Any CPU.ActiveCfg = Release|Any CPU
		{E8CAF2ED-4D2F-4061-9320-7E6DF31711B2}.Release|Any CPU.Build.0 = Release|Any CPU
		{E8CAF2ED-4D2F-4061-9320-7E6DF31711B2}.Release|Mixed Platforms.ActiveCfg = Release|Any CPU
		{E8CAF2ED-4D2F-4061-9320-7E6DF31711B2}.Release|Mixed Platforms.Build.0 = Release|Any CPU
		{E8CAF2ED-4D2F-4061-9320-7E6DF31711B2}.Release|Win32.ActiveCfg = Release|Any CPU
		{C2EE42BC-1B9F-42AF-8955-AC11528E30F5}.Debug|Any CPU.ActiveCfg = Debug|Any CPU
		{C2EE42BC-1B9F-42AF-8955-AC11528E30F5}.Debug|Any CPU.Build.0 = Debug|Any CPU
		{C2EE42BC-1B9F-42AF-8955-AC11528E30F5}.Debug|Mixed Platforms.ActiveCfg = Debug|Any CPU
		{C2EE42BC-1B9F-42AF-8955-AC11528E30F5}.Debug|Mixed Platforms.Build.0 = Debug|Any CPU
		{C2EE42BC-1B9F-42AF-8955-AC11528E30F5}.Debug|Win32.ActiveCfg = Debug|Any CPU
		{C2EE42BC-1B9F-42AF-8955-AC11528E30F5}.Release|Any CPU.ActiveCfg = Release|Any CPU
		{C2EE42BC-1B9F-42AF-8955-AC11528E30F5}.Release|Any CPU.Build.0 = Release|Any CPU
		{C2EE42BC-1B9F-42AF-8955-AC11528E30F5}.Release|Mixed Platforms.ActiveCfg = Release|Any CPU
		{C2EE42BC-1B9F-42AF-8955-AC11528E30F5}.Release|Mixed Platforms.Build.0 = Release|Any CPU
		{C2EE42BC-1B9F-42AF-8955-AC11528E30F5}.Release|Win32.ActiveCfg = Release|Any CPU
		{DCD13ED4-44D7-48E0-96CC-EB666CF41B32}.Debug|Any CPU.ActiveCfg = Debug|Any CPU
		{DCD13ED4-44D7-48E0-96CC-EB666CF41B32}.Debug|Any CPU.Build.0 = Debug|Any CPU
		{DCD13ED4-44D7-48E0-96CC-EB666CF41B32}.Debug|Mixed Platforms.ActiveCfg = Debug|Any CPU
		{DCD13ED4-44D7-48E0-96CC-EB666CF41B32}.Debug|Mixed Platforms.Build.0 = Debug|Any CPU
		{DCD13ED4-44D7-48E0-96CC-EB666CF41B32}.Debug|Win32.ActiveCfg = Debug|Any CPU
		{DCD13ED4-44D7-48E0-96CC-EB666CF41B32}.Release|Any CPU.ActiveCfg = Release|Any CPU
		{DCD13ED4-44D7-48E0-96CC-EB666CF41B32}.Release|Any CPU.Build.0 = Release|Any CPU
		{DCD13ED4-44D7-48E0-96CC-EB666CF41B32}.Release|Mixed Platforms.ActiveCfg = Release|Any CPU
		{DCD13ED4-44D7-48E0-96CC-EB666CF41B32}.Release|Mixed Platforms.Build.0 = Release|Any CPU
		{DCD13ED4-44D7-48E0-96CC-EB666CF41B32}.Release|Win32.ActiveCfg = Release|Any CPU
		{D117C8F9-5C15-46D3-9206-25D5AA07A0AD}.Debug|Any CPU.ActiveCfg = Debug|Any CPU
		{D117C8F9-5C15-46D3-9206-25D5AA07A0AD}.Debug|Any CPU.Build.0 = Debug|Any CPU
		{D117C8F9-5C15-46D3-9206-25D5AA07A0AD}.Debug|Mixed Platforms.ActiveCfg = Debug|Any CPU
		{D117C8F9-5C15-46D3-9206-25D5AA07A0AD}.Debug|Mixed Platforms.Build.0 = Debug|Any CPU
		{D117C8F9-5C15-46D3-9206-25D5AA07A0AD}.Debug|Win32.ActiveCfg = Debug|Any CPU
		{D117C8F9-5C15-46D3-9206-25D5AA07A0AD}.Release|Any CPU.ActiveCfg = Release|Any CPU
		{D117C8F9-5C15-46D3-9206-25D5AA07A0AD}.Release|Any CPU.Build.0 = Release|Any CPU
		{D117C8F9-5C15-46D3-9206-25D5AA07A0AD}.Release|Mixed Platforms.ActiveCfg = Release|Any CPU
		{D117C8F9-5C15-46D3-9206-25D5AA07A0AD}.Release|Mixed Platforms.Build.0 = Release|Any CPU
		{D117C8F9-5C15-46D3-9206-25D5AA07A0AD}.Release|Win32.ActiveCfg = Release|Any CPU
		{8ADBA422-05B8-47F4-9E6B-A143E480FA83}.Debug|Any CPU.ActiveCfg = Debug|Any CPU
		{8ADBA422-05B8-47F4-9E6B-A143E480FA83}.Debug|Any CPU.Build.0 = Debug|Any CPU
		{8ADBA422-05B8-47F4-9E6B-A143E480FA83}.Debug|Mixed Platforms.ActiveCfg = Debug|Any CPU
		{8ADBA422-05B8-47F4-9E6B-A143E480FA83}.Debug|Mixed Platforms.Build.0 = Debug|Any CPU
		{8ADBA422-05B8-47F4-9E6B-A143E480FA83}.Debug|Win32.ActiveCfg = Debug|Any CPU
		{8ADBA422-05B8-47F4-9E6B-A143E480FA83}.Release|Any CPU.ActiveCfg = Release|Any CPU
		{8ADBA422-05B8-47F4-9E6B-A143E480FA83}.Release|Any CPU.Build.0 = Release|Any CPU
		{8ADBA422-05B8-47F4-9E6B-A143E480FA83}.Release|Mixed Platforms.ActiveCfg = Release|Any CPU
		{8ADBA422-05B8-47F4-9E6B-A143E480FA83}.Release|Mixed Platforms.Build.0 = Release|Any CPU
		{8ADBA422-05B8-47F4-9E6B-A143E480FA83}.Release|Win32.ActiveCfg = Release|Any CPU
		{DE16D154-639E-438A-A887-BA8E5EF142E9}.Debug|Any CPU.ActiveCfg = Debug|Any CPU
		{DE16D154-639E-438A-A887-BA8E5EF142E9}.Debug|Any CPU.Build.0 = Debug|Any CPU
		{DE16D154-639E-438A-A887-BA8E5EF142E9}.Debug|Mixed Platforms.ActiveCfg = Debug|Any CPU
		{DE16D154-639E-438A-A887-BA8E5EF142E9}.Debug|Mixed Platforms.Build.0 = Debug|Any CPU
		{DE16D154-639E-438A-A887-BA8E5EF142E9}.Debug|Win32.ActiveCfg = Debug|Any CPU
		{DE16D154-639E-438A-A887-BA8E5EF142E9}.Release|Any CPU.ActiveCfg = Release|Any CPU
		{DE16D154-639E-438A-A887-BA8E5EF142E9}.Release|Any CPU.Build.0 = Release|Any CPU
		{DE16D154-639E-438A-A887-BA8E5EF142E9}.Release|Mixed Platforms.ActiveCfg = Release|Any CPU
		{DE16D154-639E-438A-A887-BA8E5EF142E9}.Release|Mixed Platforms.Build.0 = Release|Any CPU
		{DE16D154-639E-438A-A887-BA8E5EF142E9}.Release|Win32.ActiveCfg = Release|Any CPU
		{E46CB563-3E33-4544-916D-3BF8DAF6F243}.Debug|Any CPU.ActiveCfg = Debug|Any CPU
		{E46CB563-3E33-4544-916D-3BF8DAF6F243}.Debug|Any CPU.Build.0 = Debug|Any CPU
		{E46CB563-3E33-4544-916D-3BF8DAF6F243}.Debug|Mixed Platforms.ActiveCfg = Debug|Any CPU
		{E46CB563-3E33-4544-916D-3BF8DAF6F243}.Debug|Mixed Platforms.Build.0 = Debug|Any CPU
		{E46CB563-3E33-4544-916D-3BF8DAF6F243}.Debug|Win32.ActiveCfg = Debug|Any CPU
		{E46CB563-3E33-4544-916D-3BF8DAF6F243}.Release|Any CPU.ActiveCfg = Release|Any CPU
		{E46CB563-3E33-4544-916D-3BF8DAF6F243}.Release|Any CPU.Build.0 = Release|Any CPU
		{E46CB563-3E33-4544-916D-3BF8DAF6F243}.Release|Mixed Platforms.ActiveCfg = Release|Any CPU
		{E46CB563-3E33-4544-916D-3BF8DAF6F243}.Release|Mixed Platforms.Build.0 = Release|Any CPU
		{E46CB563-3E33-4544-916D-3BF8DAF6F243}.Release|Win32.ActiveCfg = Release|Any CPU
		{9E37C0AC-514F-42AB-95D2-1E0D85D8DBAD}.Debug|Any CPU.ActiveCfg = Debug|Any CPU
		{9E37C0AC-514F-42AB-95D2-1E0D85D8DBAD}.Debug|Any CPU.Build.0 = Debug|Any CPU
		{9E37C0AC-514F-42AB-95D2-1E0D85D8DBAD}.Debug|Mixed Platforms.ActiveCfg = Debug|Any CPU
		{9E37C0AC-514F-42AB-95D2-1E0D85D8DBAD}.Debug|Mixed Platforms.Build.0 = Debug|Any CPU
		{9E37C0AC-514F-42AB-95D2-1E0D85D8DBAD}.Debug|Win32.ActiveCfg = Debug|Any CPU
		{9E37C0AC-514F-42AB-95D2-1E0D85D8DBAD}.Release|Any CPU.ActiveCfg = Release|Any CPU
		{9E37C0AC-514F-42AB-95D2-1E0D85D8DBAD}.Release|Any CPU.Build.0 = Release|Any CPU
		{9E37C0AC-514F-42AB-95D2-1E0D85D8DBAD}.Release|Mixed Platforms.ActiveCfg = Release|Any CPU
		{9E37C0AC-514F-42AB-95D2-1E0D85D8DBAD}.Release|Mixed Platforms.Build.0 = Release|Any CPU
		{9E37C0AC-514F-42AB-95D2-1E0D85D8DBAD}.Release|Win32.ActiveCfg = Release|Any CPU
		{25716A8A-663C-464B-B5F1-7BF4DCEF9E87}.Debug|Any CPU.ActiveCfg = Debug|Any CPU
		{25716A8A-663C-464B-B5F1-7BF4DCEF9E87}.Debug|Any CPU.Build.0 = Debug|Any CPU
		{25716A8A-663C-464B-B5F1-7BF4DCEF9E87}.Debug|Mixed Platforms.ActiveCfg = Debug|Any CPU
		{25716A8A-663C-464B-B5F1-7BF4DCEF9E87}.Debug|Mixed Platforms.Build.0 = Debug|Any CPU
		{25716A8A-663C-464B-B5F1-7BF4DCEF9E87}.Debug|Win32.ActiveCfg = Debug|Any CPU
		{25716A8A-663C-464B-B5F1-7BF4DCEF9E87}.Release|Any CPU.ActiveCfg = Release|Any CPU
		{25716A8A-663C-464B-B5F1-7BF4DCEF9E87}.Release|Any CPU.Build.0 = Release|Any CPU
		{25716A8A-663C-464B-B5F1-7BF4DCEF9E87}.Release|Mixed Platforms.ActiveCfg = Release|Any CPU
		{25716A8A-663C-464B-B5F1-7BF4DCEF9E87}.Release|Mixed Platforms.Build.0 = Release|Any CPU
		{25716A8A-663C-464B-B5F1-7BF4DCEF9E87}.Release|Win32.ActiveCfg = Release|Any CPU
		{148FA99D-F998-4E43-9CB0-12D3C4A3A243}.Debug|Any CPU.ActiveCfg = Debug|Any CPU
		{148FA99D-F998-4E43-9CB0-12D3C4A3A243}.Debug|Any CPU.Build.0 = Debug|Any CPU
		{148FA99D-F998-4E43-9CB0-12D3C4A3A243}.Debug|Mixed Platforms.ActiveCfg = Debug|Any CPU
		{148FA99D-F998-4E43-9CB0-12D3C4A3A243}.Debug|Mixed Platforms.Build.0 = Debug|Any CPU
		{148FA99D-F998-4E43-9CB0-12D3C4A3A243}.Debug|Win32.ActiveCfg = Debug|Any CPU
		{148FA99D-F998-4E43-9CB0-12D3C4A3A243}.Release|Any CPU.ActiveCfg = Release|Any CPU
		{148FA99D-F998-4E43-9CB0-12D3C4A3A243}.Release|Any CPU.Build.0 = Release|Any CPU
		{148FA99D-F998-4E43-9CB0-12D3C4A3A243}.Release|Mixed Platforms.ActiveCfg = Release|Any CPU
		{148FA99D-F998-4E43-9CB0-12D3C4A3A243}.Release|Mixed Platforms.Build.0 = Release|Any CPU
		{148FA99D-F998-4E43-9CB0-12D3C4A3A243}.Release|Win32.ActiveCfg = Release|Any CPU
		{06727301-B637-43BB-A086-9D025E6B86EB}.Debug|Any CPU.ActiveCfg = Debug|Any CPU
		{06727301-B637-43BB-A086-9D025E6B86EB}.Debug|Any CPU.Build.0 = Debug|Any CPU
		{06727301-B637-43BB-A086-9D025E6B86EB}.Debug|Mixed Platforms.ActiveCfg = Debug|Any CPU
		{06727301-B637-43BB-A086-9D025E6B86EB}.Debug|Mixed Platforms.Build.0 = Debug|Any CPU
		{06727301-B637-43BB-A086-9D025E6B86EB}.Debug|Win32.ActiveCfg = Debug|Any CPU
		{06727301-B637-43BB-A086-9D025E6B86EB}.Release|Any CPU.ActiveCfg = Release|Any CPU
		{06727301-B637-43BB-A086-9D025E6B86EB}.Release|Any CPU.Build.0 = Release|Any CPU
		{06727301-B637-43BB-A086-9D025E6B86EB}.Release|Mixed Platforms.ActiveCfg = Release|Any CPU
		{06727301-B637-43BB-A086-9D025E6B86EB}.Release|Mixed Platforms.Build.0 = Release|Any CPU
		{06727301-B637-43BB-A086-9D025E6B86EB}.Release|Win32.ActiveCfg = Release|Any CPU
		{A2288242-EE19-480A-8B60-F240EFC054FE}.Debug|Any CPU.ActiveCfg = Debug|Any CPU
		{A2288242-EE19-480A-8B60-F240EFC054FE}.Debug|Any CPU.Build.0 = Debug|Any CPU
		{A2288242-EE19-480A-8B60-F240EFC054FE}.Debug|Mixed Platforms.ActiveCfg = Debug|Any CPU
		{A2288242-EE19-480A-8B60-F240EFC054FE}.Debug|Mixed Platforms.Build.0 = Debug|Any CPU
		{A2288242-EE19-480A-8B60-F240EFC054FE}.Debug|Win32.ActiveCfg = Debug|Any CPU
		{A2288242-EE19-480A-8B60-F240EFC054FE}.Release|Any CPU.ActiveCfg = Release|Any CPU
		{A2288242-EE19-480A-8B60-F240EFC054FE}.Release|Any CPU.Build.0 = Release|Any CPU
		{A2288242-EE19-480A-8B60-F240EFC054FE}.Release|Mixed Platforms.ActiveCfg = Release|Any CPU
		{A2288242-EE19-480A-8B60-F240EFC054FE}.Release|Mixed Platforms.Build.0 = Release|Any CPU
		{A2288242-EE19-480A-8B60-F240EFC054FE}.Release|Win32.ActiveCfg = Release|Any CPU
		{4B7CDACE-4DB2-4B4C-B245-1DEA0E7CB794}.Debug|Any CPU.ActiveCfg = Debug|Any CPU
		{4B7CDACE-4DB2-4B4C-B245-1DEA0E7CB794}.Debug|Any CPU.Build.0 = Debug|Any CPU
		{4B7CDACE-4DB2-4B4C-B245-1DEA0E7CB794}.Debug|Mixed Platforms.ActiveCfg = Debug|Any CPU
		{4B7CDACE-4DB2-4B4C-B245-1DEA0E7CB794}.Debug|Mixed Platforms.Build.0 = Debug|Any CPU
		{4B7CDACE-4DB2-4B4C-B245-1DEA0E7CB794}.Debug|Win32.ActiveCfg = Debug|Any CPU
		{4B7CDACE-4DB2-4B4C-B245-1DEA0E7CB794}.Release|Any CPU.ActiveCfg = Release|Any CPU
		{4B7CDACE-4DB2-4B4C-B245-1DEA0E7CB794}.Release|Any CPU.Build.0 = Release|Any CPU
		{4B7CDACE-4DB2-4B4C-B245-1DEA0E7CB794}.Release|Mixed Platforms.ActiveCfg = Release|Any CPU
		{4B7CDACE-4DB2-4B4C-B245-1DEA0E7CB794}.Release|Mixed Platforms.Build.0 = Release|Any CPU
		{4B7CDACE-4DB2-4B4C-B245-1DEA0E7CB794}.Release|Win32.ActiveCfg = Release|Any CPU
		{C0EACCA3-58FD-43A0-974B-CDC25E4362ED}.Debug|Any CPU.ActiveCfg = Debug|Any CPU
		{C0EACCA3-58FD-43A0-974B-CDC25E4362ED}.Debug|Any CPU.Build.0 = Debug|Any CPU
		{C0EACCA3-58FD-43A0-974B-CDC25E4362ED}.Debug|Mixed Platforms.ActiveCfg = Debug|Any CPU
		{C0EACCA3-58FD-43A0-974B-CDC25E4362ED}.Debug|Mixed Platforms.Build.0 = Debug|Any CPU
		{C0EACCA3-58FD-43A0-974B-CDC25E4362ED}.Debug|Win32.ActiveCfg = Debug|Any CPU
		{C0EACCA3-58FD-43A0-974B-CDC25E4362ED}.Release|Any CPU.ActiveCfg = Release|Any CPU
		{C0EACCA3-58FD-43A0-974B-CDC25E4362ED}.Release|Any CPU.Build.0 = Release|Any CPU
		{C0EACCA3-58FD-43A0-974B-CDC25E4362ED}.Release|Mixed Platforms.ActiveCfg = Release|Any CPU
		{C0EACCA3-58FD-43A0-974B-CDC25E4362ED}.Release|Mixed Platforms.Build.0 = Release|Any CPU
		{C0EACCA3-58FD-43A0-974B-CDC25E4362ED}.Release|Win32.ActiveCfg = Release|Any CPU
		{E6922021-926E-4A9D-846E-F449968158DF}.Debug|Any CPU.ActiveCfg = Debug|Any CPU
		{E6922021-926E-4A9D-846E-F449968158DF}.Debug|Any CPU.Build.0 = Debug|Any CPU
		{E6922021-926E-4A9D-846E-F449968158DF}.Debug|Mixed Platforms.ActiveCfg = Debug|Any CPU
		{E6922021-926E-4A9D-846E-F449968158DF}.Debug|Mixed Platforms.Build.0 = Debug|Any CPU
		{E6922021-926E-4A9D-846E-F449968158DF}.Debug|Win32.ActiveCfg = Debug|Any CPU
		{E6922021-926E-4A9D-846E-F449968158DF}.Release|Any CPU.ActiveCfg = Release|Any CPU
		{E6922021-926E-4A9D-846E-F449968158DF}.Release|Any CPU.Build.0 = Release|Any CPU
		{E6922021-926E-4A9D-846E-F449968158DF}.Release|Mixed Platforms.ActiveCfg = Release|Any CPU
		{E6922021-926E-4A9D-846E-F449968158DF}.Release|Mixed Platforms.Build.0 = Release|Any CPU
		{E6922021-926E-4A9D-846E-F449968158DF}.Release|Win32.ActiveCfg = Release|Any CPU
		{324BA118-CA76-4500-963B-AB916FB173FE}.Debug|Any CPU.ActiveCfg = Debug|Any CPU
		{324BA118-CA76-4500-963B-AB916FB173FE}.Debug|Any CPU.Build.0 = Debug|Any CPU
		{324BA118-CA76-4500-963B-AB916FB173FE}.Debug|Mixed Platforms.ActiveCfg = Debug|Any CPU
		{324BA118-CA76-4500-963B-AB916FB173FE}.Debug|Mixed Platforms.Build.0 = Debug|Any CPU
		{324BA118-CA76-4500-963B-AB916FB173FE}.Debug|Win32.ActiveCfg = Debug|Any CPU
		{324BA118-CA76-4500-963B-AB916FB173FE}.Release|Any CPU.ActiveCfg = Release|Any CPU
		{324BA118-CA76-4500-963B-AB916FB173FE}.Release|Any CPU.Build.0 = Release|Any CPU
		{324BA118-CA76-4500-963B-AB916FB173FE}.Release|Mixed Platforms.ActiveCfg = Release|Any CPU
		{324BA118-CA76-4500-963B-AB916FB173FE}.Release|Mixed Platforms.Build.0 = Release|Any CPU
		{324BA118-CA76-4500-963B-AB916FB173FE}.Release|Win32.ActiveCfg = Release|Any CPU
		{9A2258B8-2EB9-432C-BD91-FA3F13185340}.Debug|Any CPU.ActiveCfg = Debug|Any CPU
		{9A2258B8-2EB9-432C-BD91-FA3F13185340}.Debug|Any CPU.Build.0 = Debug|Any CPU
		{9A2258B8-2EB9-432C-BD91-FA3F13185340}.Debug|Mixed Platforms.ActiveCfg = Debug|Any CPU
		{9A2258B8-2EB9-432C-BD91-FA3F13185340}.Debug|Mixed Platforms.Build.0 = Debug|Any CPU
		{9A2258B8-2EB9-432C-BD91-FA3F13185340}.Debug|Win32.ActiveCfg = Debug|Any CPU
		{9A2258B8-2EB9-432C-BD91-FA3F13185340}.Release|Any CPU.ActiveCfg = Release|Any CPU
		{9A2258B8-2EB9-432C-BD91-FA3F13185340}.Release|Any CPU.Build.0 = Release|Any CPU
		{9A2258B8-2EB9-432C-BD91-FA3F13185340}.Release|Mixed Platforms.ActiveCfg = Release|Any CPU
		{9A2258B8-2EB9-432C-BD91-FA3F13185340}.Release|Mixed Platforms.Build.0 = Release|Any CPU
		{9A2258B8-2EB9-432C-BD91-FA3F13185340}.Release|Win32.ActiveCfg = Release|Any CPU
		{BAE945DC-97BA-4884-8102-6867101D279A}.Debug|Any CPU.ActiveCfg = Debug|Any CPU
		{BAE945DC-97BA-4884-8102-6867101D279A}.Debug|Any CPU.Build.0 = Debug|Any CPU
		{BAE945DC-97BA-4884-8102-6867101D279A}.Debug|Mixed Platforms.ActiveCfg = Debug|Any CPU
		{BAE945DC-97BA-4884-8102-6867101D279A}.Debug|Mixed Platforms.Build.0 = Debug|Any CPU
		{BAE945DC-97BA-4884-8102-6867101D279A}.Debug|Win32.ActiveCfg = Debug|Any CPU
		{BAE945DC-97BA-4884-8102-6867101D279A}.Release|Any CPU.ActiveCfg = Release|Any CPU
		{BAE945DC-97BA-4884-8102-6867101D279A}.Release|Any CPU.Build.0 = Release|Any CPU
		{BAE945DC-97BA-4884-8102-6867101D279A}.Release|Mixed Platforms.ActiveCfg = Release|Any CPU
		{BAE945DC-97BA-4884-8102-6867101D279A}.Release|Mixed Platforms.Build.0 = Release|Any CPU
		{BAE945DC-97BA-4884-8102-6867101D279A}.Release|Win32.ActiveCfg = Release|Any CPU
		{07B8A681-870C-478F-A236-F899FF50AE71}.Debug|Any CPU.ActiveCfg = Debug|Any CPU
		{07B8A681-870C-478F-A236-F899FF50AE71}.Debug|Any CPU.Build.0 = Debug|Any CPU
		{07B8A681-870C-478F-A236-F899FF50AE71}.Debug|Mixed Platforms.ActiveCfg = Debug|Any CPU
		{07B8A681-870C-478F-A236-F899FF50AE71}.Debug|Mixed Platforms.Build.0 = Debug|Any CPU
		{07B8A681-870C-478F-A236-F899FF50AE71}.Debug|Win32.ActiveCfg = Debug|Any CPU
		{07B8A681-870C-478F-A236-F899FF50AE71}.Release|Any CPU.ActiveCfg = Release|Any CPU
		{07B8A681-870C-478F-A236-F899FF50AE71}.Release|Any CPU.Build.0 = Release|Any CPU
		{07B8A681-870C-478F-A236-F899FF50AE71}.Release|Mixed Platforms.ActiveCfg = Release|Any CPU
		{07B8A681-870C-478F-A236-F899FF50AE71}.Release|Mixed Platforms.Build.0 = Release|Any CPU
		{07B8A681-870C-478F-A236-F899FF50AE71}.Release|Win32.ActiveCfg = Release|Any CPU
		{19E74417-D8BC-4369-A5D4-9A00780B6F56}.Debug|Any CPU.ActiveCfg = Debug|Any CPU
		{19E74417-D8BC-4369-A5D4-9A00780B6F56}.Debug|Any CPU.Build.0 = Debug|Any CPU
		{19E74417-D8BC-4369-A5D4-9A00780B6F56}.Debug|Mixed Platforms.ActiveCfg = Debug|Any CPU
		{19E74417-D8BC-4369-A5D4-9A00780B6F56}.Debug|Mixed Platforms.Build.0 = Debug|Any CPU
		{19E74417-D8BC-4369-A5D4-9A00780B6F56}.Debug|Win32.ActiveCfg = Debug|Any CPU
		{19E74417-D8BC-4369-A5D4-9A00780B6F56}.Release|Any CPU.ActiveCfg = Release|Any CPU
		{19E74417-D8BC-4369-A5D4-9A00780B6F56}.Release|Any CPU.Build.0 = Release|Any CPU
		{19E74417-D8BC-4369-A5D4-9A00780B6F56}.Release|Mixed Platforms.ActiveCfg = Release|Any CPU
		{19E74417-D8BC-4369-A5D4-9A00780B6F56}.Release|Mixed Platforms.Build.0 = Release|Any CPU
		{19E74417-D8BC-4369-A5D4-9A00780B6F56}.Release|Win32.ActiveCfg = Release|Any CPU
		{D524E6BD-A861-44DE-A634-03B0FD2B8CAA}.Debug|Any CPU.ActiveCfg = Debug|Any CPU
		{D524E6BD-A861-44DE-A634-03B0FD2B8CAA}.Debug|Any CPU.Build.0 = Debug|Any CPU
		{D524E6BD-A861-44DE-A634-03B0FD2B8CAA}.Debug|Mixed Platforms.ActiveCfg = Debug|Any CPU
		{D524E6BD-A861-44DE-A634-03B0FD2B8CAA}.Debug|Mixed Platforms.Build.0 = Debug|Any CPU
		{D524E6BD-A861-44DE-A634-03B0FD2B8CAA}.Debug|Win32.ActiveCfg = Debug|Any CPU
		{D524E6BD-A861-44DE-A634-03B0FD2B8CAA}.Release|Any CPU.ActiveCfg = Release|Any CPU
		{D524E6BD-A861-44DE-A634-03B0FD2B8CAA}.Release|Any CPU.Build.0 = Release|Any CPU
		{D524E6BD-A861-44DE-A634-03B0FD2B8CAA}.Release|Mixed Platforms.ActiveCfg = Release|Any CPU
		{D524E6BD-A861-44DE-A634-03B0FD2B8CAA}.Release|Mixed Platforms.Build.0 = Release|Any CPU
		{D524E6BD-A861-44DE-A634-03B0FD2B8CAA}.Release|Win32.ActiveCfg = Release|Any CPU
		{1E9E9B43-3B4E-4A75-B035-3AC237A105A4}.Debug|Any CPU.ActiveCfg = Debug|Any CPU
		{1E9E9B43-3B4E-4A75-B035-3AC237A105A4}.Debug|Any CPU.Build.0 = Debug|Any CPU
		{1E9E9B43-3B4E-4A75-B035-3AC237A105A4}.Debug|Mixed Platforms.ActiveCfg = Debug|Any CPU
		{1E9E9B43-3B4E-4A75-B035-3AC237A105A4}.Debug|Mixed Platforms.Build.0 = Debug|Any CPU
		{1E9E9B43-3B4E-4A75-B035-3AC237A105A4}.Debug|Win32.ActiveCfg = Debug|Any CPU
		{1E9E9B43-3B4E-4A75-B035-3AC237A105A4}.Release|Any CPU.ActiveCfg = Release|Any CPU
		{1E9E9B43-3B4E-4A75-B035-3AC237A105A4}.Release|Any CPU.Build.0 = Release|Any CPU
		{1E9E9B43-3B4E-4A75-B035-3AC237A105A4}.Release|Mixed Platforms.ActiveCfg = Release|Any CPU
		{1E9E9B43-3B4E-4A75-B035-3AC237A105A4}.Release|Mixed Platforms.Build.0 = Release|Any CPU
		{1E9E9B43-3B4E-4A75-B035-3AC237A105A4}.Release|Win32.ActiveCfg = Release|Any CPU
		{7BF9D936-18E4-4B82-AF46-E24BA4F1C2AC}.Debug|Any CPU.ActiveCfg = Debug|Any CPU
		{7BF9D936-18E4-4B82-AF46-E24BA4F1C2AC}.Debug|Any CPU.Build.0 = Debug|Any CPU
		{7BF9D936-18E4-4B82-AF46-E24BA4F1C2AC}.Debug|Mixed Platforms.ActiveCfg = Debug|Any CPU
		{7BF9D936-18E4-4B82-AF46-E24BA4F1C2AC}.Debug|Mixed Platforms.Build.0 = Debug|Any CPU
		{7BF9D936-18E4-4B82-AF46-E24BA4F1C2AC}.Debug|Win32.ActiveCfg = Debug|Any CPU
		{7BF9D936-18E4-4B82-AF46-E24BA4F1C2AC}.Release|Any CPU.ActiveCfg = Release|Any CPU
		{7BF9D936-18E4-4B82-AF46-E24BA4F1C2AC}.Release|Any CPU.Build.0 = Release|Any CPU
		{7BF9D936-18E4-4B82-AF46-E24BA4F1C2AC}.Release|Mixed Platforms.ActiveCfg = Release|Any CPU
		{7BF9D936-18E4-4B82-AF46-E24BA4F1C2AC}.Release|Mixed Platforms.Build.0 = Release|Any CPU
		{7BF9D936-18E4-4B82-AF46-E24BA4F1C2AC}.Release|Win32.ActiveCfg = Release|Any CPU
		{66514D2D-FB14-41AC-AA06-0C703AF67236}.Debug|Any CPU.ActiveCfg = Debug|Any CPU
		{66514D2D-FB14-41AC-AA06-0C703AF67236}.Debug|Any CPU.Build.0 = Debug|Any CPU
		{66514D2D-FB14-41AC-AA06-0C703AF67236}.Debug|Mixed Platforms.ActiveCfg = Debug|Any CPU
		{66514D2D-FB14-41AC-AA06-0C703AF67236}.Debug|Mixed Platforms.Build.0 = Debug|Any CPU
		{66514D2D-FB14-41AC-AA06-0C703AF67236}.Debug|Win32.ActiveCfg = Debug|Any CPU
		{66514D2D-FB14-41AC-AA06-0C703AF67236}.Release|Any CPU.ActiveCfg = Release|Any CPU
		{66514D2D-FB14-41AC-AA06-0C703AF67236}.Release|Any CPU.Build.0 = Release|Any CPU
		{66514D2D-FB14-41AC-AA06-0C703AF67236}.Release|Mixed Platforms.ActiveCfg = Release|Any CPU
		{66514D2D-FB14-41AC-AA06-0C703AF67236}.Release|Mixed Platforms.Build.0 = Release|Any CPU
		{66514D2D-FB14-41AC-AA06-0C703AF67236}.Release|Win32.ActiveCfg = Release|Any CPU
		{B0AD45EC-06DD-49F9-AEC1-8AC662B79E67}.Debug|Any CPU.ActiveCfg = Debug|Any CPU
		{B0AD45EC-06DD-49F9-AEC1-8AC662B79E67}.Debug|Any CPU.Build.0 = Debug|Any CPU
		{B0AD45EC-06DD-49F9-AEC1-8AC662B79E67}.Debug|Mixed Platforms.ActiveCfg = Debug|Any CPU
		{B0AD45EC-06DD-49F9-AEC1-8AC662B79E67}.Debug|Mixed Platforms.Build.0 = Debug|Any CPU
		{B0AD45EC-06DD-49F9-AEC1-8AC662B79E67}.Debug|Win32.ActiveCfg = Debug|Any CPU
		{B0AD45EC-06DD-49F9-AEC1-8AC662B79E67}.Release|Any CPU.ActiveCfg = Release|Any CPU
		{B0AD45EC-06DD-49F9-AEC1-8AC662B79E67}.Release|Any CPU.Build.0 = Release|Any CPU
		{B0AD45EC-06DD-49F9-AEC1-8AC662B79E67}.Release|Mixed Platforms.ActiveCfg = Release|Any CPU
		{B0AD45EC-06DD-49F9-AEC1-8AC662B79E67}.Release|Mixed Platforms.Build.0 = Release|Any CPU
		{B0AD45EC-06DD-49F9-AEC1-8AC662B79E67}.Release|Win32.ActiveCfg = Release|Any CPU
		{91758F8B-4BAB-4E93-99AF-9CE04BB53EE9}.Debug|Any CPU.ActiveCfg = Debug|Any CPU
		{91758F8B-4BAB-4E93-99AF-9CE04BB53EE9}.Debug|Any CPU.Build.0 = Debug|Any CPU
		{91758F8B-4BAB-4E93-99AF-9CE04BB53EE9}.Debug|Mixed Platforms.ActiveCfg = Debug|Any CPU
		{91758F8B-4BAB-4E93-99AF-9CE04BB53EE9}.Debug|Mixed Platforms.Build.0 = Debug|Any CPU
		{91758F8B-4BAB-4E93-99AF-9CE04BB53EE9}.Debug|Win32.ActiveCfg = Debug|Any CPU
		{91758F8B-4BAB-4E93-99AF-9CE04BB53EE9}.Release|Any CPU.ActiveCfg = Release|Any CPU
		{91758F8B-4BAB-4E93-99AF-9CE04BB53EE9}.Release|Any CPU.Build.0 = Release|Any CPU
		{91758F8B-4BAB-4E93-99AF-9CE04BB53EE9}.Release|Mixed Platforms.ActiveCfg = Release|Any CPU
		{91758F8B-4BAB-4E93-99AF-9CE04BB53EE9}.Release|Mixed Platforms.Build.0 = Release|Any CPU
		{91758F8B-4BAB-4E93-99AF-9CE04BB53EE9}.Release|Win32.ActiveCfg = Release|Any CPU
		{71ABB5F1-41BC-40DE-B73B-0AD98D5B2829}.Debug|Any CPU.ActiveCfg = Debug|Any CPU
		{71ABB5F1-41BC-40DE-B73B-0AD98D5B2829}.Debug|Any CPU.Build.0 = Debug|Any CPU
		{71ABB5F1-41BC-40DE-B73B-0AD98D5B2829}.Debug|Mixed Platforms.ActiveCfg = Debug|Any CPU
		{71ABB5F1-41BC-40DE-B73B-0AD98D5B2829}.Debug|Mixed Platforms.Build.0 = Debug|Any CPU
		{71ABB5F1-41BC-40DE-B73B-0AD98D5B2829}.Debug|Win32.ActiveCfg = Debug|Any CPU
		{71ABB5F1-41BC-40DE-B73B-0AD98D5B2829}.Release|Any CPU.ActiveCfg = Release|Any CPU
		{71ABB5F1-41BC-40DE-B73B-0AD98D5B2829}.Release|Any CPU.Build.0 = Release|Any CPU
		{71ABB5F1-41BC-40DE-B73B-0AD98D5B2829}.Release|Mixed Platforms.ActiveCfg = Release|Any CPU
		{71ABB5F1-41BC-40DE-B73B-0AD98D5B2829}.Release|Mixed Platforms.Build.0 = Release|Any CPU
		{71ABB5F1-41BC-40DE-B73B-0AD98D5B2829}.Release|Win32.ActiveCfg = Release|Any CPU
		{D02F75D4-4FCE-432A-99BD-64DAE1E3FC2E}.Debug|Any CPU.ActiveCfg = Debug|Any CPU
		{D02F75D4-4FCE-432A-99BD-64DAE1E3FC2E}.Debug|Any CPU.Build.0 = Debug|Any CPU
		{D02F75D4-4FCE-432A-99BD-64DAE1E3FC2E}.Debug|Mixed Platforms.ActiveCfg = Debug|Any CPU
		{D02F75D4-4FCE-432A-99BD-64DAE1E3FC2E}.Debug|Mixed Platforms.Build.0 = Debug|Any CPU
		{D02F75D4-4FCE-432A-99BD-64DAE1E3FC2E}.Debug|Win32.ActiveCfg = Debug|Any CPU
		{D02F75D4-4FCE-432A-99BD-64DAE1E3FC2E}.Release|Any CPU.ActiveCfg = Release|Any CPU
		{D02F75D4-4FCE-432A-99BD-64DAE1E3FC2E}.Release|Any CPU.Build.0 = Release|Any CPU
		{D02F75D4-4FCE-432A-99BD-64DAE1E3FC2E}.Release|Mixed Platforms.ActiveCfg = Release|Any CPU
		{D02F75D4-4FCE-432A-99BD-64DAE1E3FC2E}.Release|Mixed Platforms.Build.0 = Release|Any CPU
		{D02F75D4-4FCE-432A-99BD-64DAE1E3FC2E}.Release|Win32.ActiveCfg = Release|Any CPU
		{3A1A81DD-DFE0-462A-A648-2CF6A0093C56}.Debug|Any CPU.ActiveCfg = Debug|Any CPU
		{3A1A81DD-DFE0-462A-A648-2CF6A0093C56}.Debug|Any CPU.Build.0 = Debug|Any CPU
		{3A1A81DD-DFE0-462A-A648-2CF6A0093C56}.Debug|Mixed Platforms.ActiveCfg = Debug|Any CPU
		{3A1A81DD-DFE0-462A-A648-2CF6A0093C56}.Debug|Mixed Platforms.Build.0 = Debug|Any CPU
		{3A1A81DD-DFE0-462A-A648-2CF6A0093C56}.Debug|Win32.ActiveCfg = Debug|Any CPU
		{3A1A81DD-DFE0-462A-A648-2CF6A0093C56}.Release|Any CPU.ActiveCfg = Release|Any CPU
		{3A1A81DD-DFE0-462A-A648-2CF6A0093C56}.Release|Any CPU.Build.0 = Release|Any CPU
		{3A1A81DD-DFE0-462A-A648-2CF6A0093C56}.Release|Mixed Platforms.ActiveCfg = Release|Any CPU
		{3A1A81DD-DFE0-462A-A648-2CF6A0093C56}.Release|Mixed Platforms.Build.0 = Release|Any CPU
		{3A1A81DD-DFE0-462A-A648-2CF6A0093C56}.Release|Win32.ActiveCfg = Release|Any CPU
		{0EDC7801-212A-43B9-83C8-74F3A6021036}.Debug|Any CPU.ActiveCfg = Debug|Any CPU
		{0EDC7801-212A-43B9-83C8-74F3A6021036}.Debug|Any CPU.Build.0 = Debug|Any CPU
		{0EDC7801-212A-43B9-83C8-74F3A6021036}.Debug|Mixed Platforms.ActiveCfg = Debug|Any CPU
		{0EDC7801-212A-43B9-83C8-74F3A6021036}.Debug|Mixed Platforms.Build.0 = Debug|Any CPU
		{0EDC7801-212A-43B9-83C8-74F3A6021036}.Debug|Win32.ActiveCfg = Debug|Any CPU
		{0EDC7801-212A-43B9-83C8-74F3A6021036}.Release|Any CPU.ActiveCfg = Release|Any CPU
		{0EDC7801-212A-43B9-83C8-74F3A6021036}.Release|Any CPU.Build.0 = Release|Any CPU
		{0EDC7801-212A-43B9-83C8-74F3A6021036}.Release|Mixed Platforms.ActiveCfg = Release|Any CPU
		{0EDC7801-212A-43B9-83C8-74F3A6021036}.Release|Mixed Platforms.Build.0 = Release|Any CPU
		{0EDC7801-212A-43B9-83C8-74F3A6021036}.Release|Win32.ActiveCfg = Release|Any CPU
		{26E98387-C76A-4903-8215-CAF352C43CE5}.Debug|Any CPU.ActiveCfg = Debug|Any CPU
		{26E98387-C76A-4903-8215-CAF352C43CE5}.Debug|Any CPU.Build.0 = Debug|Any CPU
		{26E98387-C76A-4903-8215-CAF352C43CE5}.Debug|Mixed Platforms.ActiveCfg = Debug|Any CPU
		{26E98387-C76A-4903-8215-CAF352C43CE5}.Debug|Mixed Platforms.Build.0 = Debug|Any CPU
		{26E98387-C76A-4903-8215-CAF352C43CE5}.Debug|Win32.ActiveCfg = Debug|Any CPU
		{26E98387-C76A-4903-8215-CAF352C43CE5}.Release|Any CPU.ActiveCfg = Release|Any CPU
		{26E98387-C76A-4903-8215-CAF352C43CE5}.Release|Any CPU.Build.0 = Release|Any CPU
		{26E98387-C76A-4903-8215-CAF352C43CE5}.Release|Mixed Platforms.ActiveCfg = Release|Any CPU
		{26E98387-C76A-4903-8215-CAF352C43CE5}.Release|Mixed Platforms.Build.0 = Release|Any CPU
		{26E98387-C76A-4903-8215-CAF352C43CE5}.Release|Win32.ActiveCfg = Release|Any CPU
		{89F9FFEA-D362-4A99-BC76-C4603D9D74DF}.Debug|Any CPU.ActiveCfg = Debug|Any CPU
		{89F9FFEA-D362-4A99-BC76-C4603D9D74DF}.Debug|Any CPU.Build.0 = Debug|Any CPU
		{89F9FFEA-D362-4A99-BC76-C4603D9D74DF}.Debug|Mixed Platforms.ActiveCfg = Debug|Any CPU
		{89F9FFEA-D362-4A99-BC76-C4603D9D74DF}.Debug|Mixed Platforms.Build.0 = Debug|Any CPU
		{89F9FFEA-D362-4A99-BC76-C4603D9D74DF}.Debug|Win32.ActiveCfg = Debug|Any CPU
		{89F9FFEA-D362-4A99-BC76-C4603D9D74DF}.Release|Any CPU.ActiveCfg = Release|Any CPU
		{89F9FFEA-D362-4A99-BC76-C4603D9D74DF}.Release|Any CPU.Build.0 = Release|Any CPU
		{89F9FFEA-D362-4A99-BC76-C4603D9D74DF}.Release|Mixed Platforms.ActiveCfg = Release|Any CPU
		{89F9FFEA-D362-4A99-BC76-C4603D9D74DF}.Release|Mixed Platforms.Build.0 = Release|Any CPU
		{89F9FFEA-D362-4A99-BC76-C4603D9D74DF}.Release|Win32.ActiveCfg = Release|Any CPU
		{BF0BA2AE-4B2B-478D-900A-9527FF3076B1}.Debug|Any CPU.ActiveCfg = Debug|Any CPU
		{BF0BA2AE-4B2B-478D-900A-9527FF3076B1}.Debug|Any CPU.Build.0 = Debug|Any CPU
		{BF0BA2AE-4B2B-478D-900A-9527FF3076B1}.Debug|Mixed Platforms.ActiveCfg = Debug|Any CPU
		{BF0BA2AE-4B2B-478D-900A-9527FF3076B1}.Debug|Mixed Platforms.Build.0 = Debug|Any CPU
		{BF0BA2AE-4B2B-478D-900A-9527FF3076B1}.Debug|Win32.ActiveCfg = Debug|Any CPU
		{BF0BA2AE-4B2B-478D-900A-9527FF3076B1}.Release|Any CPU.ActiveCfg = Release|Any CPU
		{BF0BA2AE-4B2B-478D-900A-9527FF3076B1}.Release|Any CPU.Build.0 = Release|Any CPU
		{BF0BA2AE-4B2B-478D-900A-9527FF3076B1}.Release|Mixed Platforms.ActiveCfg = Release|Any CPU
		{BF0BA2AE-4B2B-478D-900A-9527FF3076B1}.Release|Mixed Platforms.Build.0 = Release|Any CPU
		{BF0BA2AE-4B2B-478D-900A-9527FF3076B1}.Release|Win32.ActiveCfg = Release|Any CPU
		{CD483B38-AF15-49D8-92F7-822B4E21D5CF}.Debug|Any CPU.ActiveCfg = Debug|Any CPU
		{CD483B38-AF15-49D8-92F7-822B4E21D5CF}.Debug|Any CPU.Build.0 = Debug|Any CPU
		{CD483B38-AF15-49D8-92F7-822B4E21D5CF}.Debug|Mixed Platforms.ActiveCfg = Debug|Any CPU
		{CD483B38-AF15-49D8-92F7-822B4E21D5CF}.Debug|Mixed Platforms.Build.0 = Debug|Any CPU
		{CD483B38-AF15-49D8-92F7-822B4E21D5CF}.Debug|Win32.ActiveCfg = Debug|Any CPU
		{CD483B38-AF15-49D8-92F7-822B4E21D5CF}.Release|Any CPU.ActiveCfg = Release|Any CPU
		{CD483B38-AF15-49D8-92F7-822B4E21D5CF}.Release|Any CPU.Build.0 = Release|Any CPU
		{CD483B38-AF15-49D8-92F7-822B4E21D5CF}.Release|Mixed Platforms.ActiveCfg = Release|Any CPU
		{CD483B38-AF15-49D8-92F7-822B4E21D5CF}.Release|Mixed Platforms.Build.0 = Release|Any CPU
		{CD483B38-AF15-49D8-92F7-822B4E21D5CF}.Release|Win32.ActiveCfg = Release|Any CPU
		{DBF39CC7-6C30-422A-83FD-8CF6BB366C06}.Debug|Any CPU.ActiveCfg = Debug|Any CPU
		{DBF39CC7-6C30-422A-83FD-8CF6BB366C06}.Debug|Any CPU.Build.0 = Debug|Any CPU
		{DBF39CC7-6C30-422A-83FD-8CF6BB366C06}.Debug|Mixed Platforms.ActiveCfg = Debug|Any CPU
		{DBF39CC7-6C30-422A-83FD-8CF6BB366C06}.Debug|Mixed Platforms.Build.0 = Debug|Any CPU
		{DBF39CC7-6C30-422A-83FD-8CF6BB366C06}.Debug|Win32.ActiveCfg = Debug|Any CPU
		{DBF39CC7-6C30-422A-83FD-8CF6BB366C06}.Debug|Win32.Build.0 = Debug|Any CPU
		{DBF39CC7-6C30-422A-83FD-8CF6BB366C06}.Release|Any CPU.ActiveCfg = Release|Any CPU
		{DBF39CC7-6C30-422A-83FD-8CF6BB366C06}.Release|Any CPU.Build.0 = Release|Any CPU
		{DBF39CC7-6C30-422A-83FD-8CF6BB366C06}.Release|Mixed Platforms.ActiveCfg = Release|Any CPU
		{DBF39CC7-6C30-422A-83FD-8CF6BB366C06}.Release|Mixed Platforms.Build.0 = Release|Any CPU
		{DBF39CC7-6C30-422A-83FD-8CF6BB366C06}.Release|Win32.ActiveCfg = Release|Any CPU
		{DBF39CC7-6C30-422A-83FD-8CF6BB366C06}.Release|Win32.Build.0 = Release|Any CPU
	EndGlobalSection
	GlobalSection(SolutionProperties) = preSolution
		HideSolutionNode = FALSE
	EndGlobalSection
	GlobalSection(NestedProjects) = preSolution
		{A46FCD24-D247-41A2-88F3-536A87397C53} = {1DB53A49-746C-4B9C-8C44-0AAFE07C2733}
		{4AC9D33F-5B37-4878-A2AE-3FCBA8BB5D1D} = {5119B420-18AD-4C30-9504-3273F45C2193}
		{E72B45A5-341D-4543-8D61-E25C80F8134D} = {5119B420-18AD-4C30-9504-3273F45C2193}
		{9AEBCB8D-DB0C-4AA4-8DF9-2C24C1A42713} = {5119B420-18AD-4C30-9504-3273F45C2193}
		{262B05AA-E04E-4486-A01F-D31141DD9C4E} = {1DB53A49-746C-4B9C-8C44-0AAFE07C2733}
		{B54CAB4B-118E-4467-B5E0-41CC63FEF075} = {64988886-83E0-4AAD-BEFC-0D1465FE13AA}
		{CA099AA8-064E-43F5-A934-617B72EE1CF0} = {A9F5769B-DAB0-456C-AAD9-13BD0065DCD6}
		{E8CAF2ED-4D2F-4061-9320-7E6DF31711B2} = {8E3880F3-AA80-4BB0-8B7B-78FD54FC4CF5}
		{C2EE42BC-1B9F-42AF-8955-AC11528E30F5} = {A9F5769B-DAB0-456C-AAD9-13BD0065DCD6}
		{DCD13ED4-44D7-48E0-96CC-EB666CF41B32} = {64988886-83E0-4AAD-BEFC-0D1465FE13AA}
		{D117C8F9-5C15-46D3-9206-25D5AA07A0AD} = {A9F5769B-DAB0-456C-AAD9-13BD0065DCD6}
		{8ADBA422-05B8-47F4-9E6B-A143E480FA83} = {66416243-3E71-483B-8BC9-3B958BF32B3F}
		{DE16D154-639E-438A-A887-BA8E5EF142E9} = {1DB53A49-746C-4B9C-8C44-0AAFE07C2733}
		{E46CB563-3E33-4544-916D-3BF8DAF6F243} = {64988886-83E0-4AAD-BEFC-0D1465FE13AA}
		{9E37C0AC-514F-42AB-95D2-1E0D85D8DBAD} = {E3144655-D1A6-4D29-97FB-F1F189BC0C56}
		{25716A8A-663C-464B-B5F1-7BF4DCEF9E87} = {8E3880F3-AA80-4BB0-8B7B-78FD54FC4CF5}
		{148FA99D-F998-4E43-9CB0-12D3C4A3A243} = {66416243-3E71-483B-8BC9-3B958BF32B3F}
		{06727301-B637-43BB-A086-9D025E6B86EB} = {64988886-83E0-4AAD-BEFC-0D1465FE13AA}
		{A2288242-EE19-480A-8B60-F240EFC054FE} = {1DB53A49-746C-4B9C-8C44-0AAFE07C2733}
		{4B7CDACE-4DB2-4B4C-B245-1DEA0E7CB794} = {7485F513-C0AD-4996-BF8F-8CAFB1277B8A}
		{C0EACCA3-58FD-43A0-974B-CDC25E4362ED} = {E3144655-D1A6-4D29-97FB-F1F189BC0C56}
		{E6922021-926E-4A9D-846E-F449968158DF} = {2B742877-EA9F-45CE-8C78-47AAAB1A6C65}
		{324BA118-CA76-4500-963B-AB916FB173FE} = {5119B420-18AD-4C30-9504-3273F45C2193}
		{9A2258B8-2EB9-432C-BD91-FA3F13185340} = {0F7020D7-7213-4A80-8018-AEB29A0FC638}
		{BAE945DC-97BA-4884-8102-6867101D279A} = {0F7020D7-7213-4A80-8018-AEB29A0FC638}
		{07B8A681-870C-478F-A236-F899FF50AE71} = {1DB53A49-746C-4B9C-8C44-0AAFE07C2733}
		{19E74417-D8BC-4369-A5D4-9A00780B6F56} = {0F7020D7-7213-4A80-8018-AEB29A0FC638}
		{D524E6BD-A861-44DE-A634-03B0FD2B8CAA} = {0F7020D7-7213-4A80-8018-AEB29A0FC638}
		{1E9E9B43-3B4E-4A75-B035-3AC237A105A4} = {0F7020D7-7213-4A80-8018-AEB29A0FC638}
		{7BF9D936-18E4-4B82-AF46-E24BA4F1C2AC} = {1DB53A49-746C-4B9C-8C44-0AAFE07C2733}
		{66514D2D-FB14-41AC-AA06-0C703AF67236} = {1DB53A49-746C-4B9C-8C44-0AAFE07C2733}
		{B0AD45EC-06DD-49F9-AEC1-8AC662B79E67} = {1DB53A49-746C-4B9C-8C44-0AAFE07C2733}
		{91758F8B-4BAB-4E93-99AF-9CE04BB53EE9} = {A8811032-66BB-4F1E-902A-69AA44EEE358}
		{71ABB5F1-41BC-40DE-B73B-0AD98D5B2829} = {1DB53A49-746C-4B9C-8C44-0AAFE07C2733}
		{D02F75D4-4FCE-432A-99BD-64DAE1E3FC2E} = {7485F513-C0AD-4996-BF8F-8CAFB1277B8A}
		{3A1A81DD-DFE0-462A-A648-2CF6A0093C56} = {1DB53A49-746C-4B9C-8C44-0AAFE07C2733}
		{0EDC7801-212A-43B9-83C8-74F3A6021036} = {0F7020D7-7213-4A80-8018-AEB29A0FC638}
		{26E98387-C76A-4903-8215-CAF352C43CE5} = {1DB53A49-746C-4B9C-8C44-0AAFE07C2733}
		{89F9FFEA-D362-4A99-BC76-C4603D9D74DF} = {FB701AE2-177A-4F0F-8038-2518AB5D747F}
		{BF0BA2AE-4B2B-478D-900A-9527FF3076B1} = {AD5E9F62-70F5-4E15-A414-D365348C2725}
		{CD483B38-AF15-49D8-92F7-822B4E21D5CF} = {1DB53A49-746C-4B9C-8C44-0AAFE07C2733}
		{DBF39CC7-6C30-422A-83FD-8CF6BB366C06} = {DD84249F-9EC5-4E44-B752-B78C0813EF22}
	EndGlobalSection
	GlobalSection(ExtensibilityGlobals) = postSolution
		SolutionGuid = {F367DC31-6FEE-4652-A455-819C89E76FF5}
	EndGlobalSection
EndGlobal
