
Microsoft Visual Studio Solution File, Format Version 12.00
# Visual Studio 2012
Project("{FAE04EC0-301F-11D3-BF4B-00C04F79EFBC}") = "CSharpLearningClean", "CSharpLearningClean\CSharpLearningClean.csproj", "{A46FCD24-D247-41A2-88F3-536A87397C53}"
EndProject
Project("{FAE04EC0-301F-11D3-BF4B-00C04F79EFBC}") = "Welcome_20151116_1", "Welcome_20151116_1\Welcome_20151116_1.csproj", "{4AC9D33F-5B37-4878-A2AE-3FCBA8BB5D1D}"
EndProject
Project("{FAE04EC0-301F-11D3-BF4B-00C04F79EFBC}") = "Welcome_20151118_1", "Welcome_20151118_1\Welcome_20151118_1.csproj", "{E72B45A5-341D-4543-8D61-E25C80F8134D}"
EndProject
Project("{FAE04EC0-301F-11D3-BF4B-00C04F79EFBC}") = "Welcome_20151118_2", "Welcome_20151118_2\Welcome_20151118_2.csproj", "{9AEBCB8D-DB0C-4AA4-8DF9-2C24C1A42713}"
EndProject
Project("{FAE04EC0-301F-11D3-BF4B-00C04F79EFBC}") = "CopyFile_20160107_1", "CopyFile_20160107_1\CopyFile_20160107_1.csproj", "{262B05AA-E04E-4486-A01F-D31141DD9C4E}"
EndProject
Project("{FAE04EC0-301F-11D3-BF4B-00C04F79EFBC}") = "Integer_20160218_1", "Integer_20160218_1\Integer_20160218_1.csproj", "{B54CAB4B-118E-4467-B5E0-41CC63FEF075}"
EndProject
Global
	GlobalSection(SolutionConfigurationPlatforms) = preSolution
		Debug|Any CPU = Debug|Any CPU
		Release|Any CPU = Release|Any CPU
	EndGlobalSection
	GlobalSection(ProjectConfigurationPlatforms) = postSolution
		{A46FCD24-D247-41A2-88F3-536A87397C53}.Debug|Any CPU.ActiveCfg = Debug|Any CPU
		{A46FCD24-D247-41A2-88F3-536A87397C53}.Debug|Any CPU.Build.0 = Debug|Any CPU
		{A46FCD24-D247-41A2-88F3-536A87397C53}.Release|Any CPU.ActiveCfg = Release|Any CPU
		{A46FCD24-D247-41A2-88F3-536A87397C53}.Release|Any CPU.Build.0 = Release|Any CPU
		{4AC9D33F-5B37-4878-A2AE-3FCBA8BB5D1D}.Debug|Any CPU.ActiveCfg = Debug|Any CPU
		{4AC9D33F-5B37-4878-A2AE-3FCBA8BB5D1D}.Debug|Any CPU.Build.0 = Debug|Any CPU
		{4AC9D33F-5B37-4878-A2AE-3FCBA8BB5D1D}.Release|Any CPU.ActiveCfg = Release|Any CPU
		{4AC9D33F-5B37-4878-A2AE-3FCBA8BB5D1D}.Release|Any CPU.Build.0 = Release|Any CPU
		{E72B45A5-341D-4543-8D61-E25C80F8134D}.Debug|Any CPU.ActiveCfg = Debug|Any CPU
		{E72B45A5-341D-4543-8D61-E25C80F8134D}.Debug|Any CPU.Build.0 = Debug|Any CPU
		{E72B45A5-341D-4543-8D61-E25C80F8134D}.Release|Any CPU.ActiveCfg = Release|Any CPU
		{E72B45A5-341D-4543-8D61-E25C80F8134D}.Release|Any CPU.Build.0 = Release|Any CPU
		{9AEBCB8D-DB0C-4AA4-8DF9-2C24C1A42713}.Debug|Any CPU.ActiveCfg = Debug|Any CPU
		{9AEBCB8D-DB0C-4AA4-8DF9-2C24C1A42713}.Debug|Any CPU.Build.0 = Debug|Any CPU
		{9AEBCB8D-DB0C-4AA4-8DF9-2C24C1A42713}.Release|Any CPU.ActiveCfg = Release|Any CPU
		{9AEBCB8D-DB0C-4AA4-8DF9-2C24C1A42713}.Release|Any CPU.Build.0 = Release|Any CPU
		{262B05AA-E04E-4486-A01F-D31141DD9C4E}.Debug|Any CPU.ActiveCfg = Debug|Any CPU
		{262B05AA-E04E-4486-A01F-D31141DD9C4E}.Debug|Any CPU.Build.0 = Debug|Any CPU
		{262B05AA-E04E-4486-A01F-D31141DD9C4E}.Release|Any CPU.ActiveCfg = Release|Any CPU
		{262B05AA-E04E-4486-A01F-D31141DD9C4E}.Release|Any CPU.Build.0 = Release|Any CPU
		{B54CAB4B-118E-4467-B5E0-41CC63FEF075}.Debug|Any CPU.ActiveCfg = Debug|Any CPU
		{B54CAB4B-118E-4467-B5E0-41CC63FEF075}.Debug|Any CPU.Build.0 = Debug|Any CPU
		{B54CAB4B-118E-4467-B5E0-41CC63FEF075}.Release|Any CPU.ActiveCfg = Release|Any CPU
		{B54CAB4B-118E-4467-B5E0-41CC63FEF075}.Release|Any CPU.Build.0 = Release|Any CPU
	EndGlobalSection
	GlobalSection(SolutionProperties) = preSolution
		HideSolutionNode = FALSE
	EndGlobalSection
EndGlobal
